// !$*UTF8*$!
{
	archiveVersion = 1;
	classes = {
	};
	objectVersion = 50;
	objects = {

/* Begin PBXBuildFile section */
		19536C9F235E95FB00C1C695 /* AppDelegate.swift in Sources */ = {isa = PBXBuildFile; fileRef = 19536C9E235E95FB00C1C695 /* AppDelegate.swift */; };
		19536CA1235E95FB00C1C695 /* SceneDelegate.swift in Sources */ = {isa = PBXBuildFile; fileRef = 19536CA0235E95FB00C1C695 /* SceneDelegate.swift */; };
		19536CA3235E95FB00C1C695 /* ViewController.swift in Sources */ = {isa = PBXBuildFile; fileRef = 19536CA2235E95FB00C1C695 /* ViewController.swift */; };
		19536CA6235E95FB00C1C695 /* Main.storyboard in Resources */ = {isa = PBXBuildFile; fileRef = 19536CA4235E95FB00C1C695 /* Main.storyboard */; };
		19536CA8235E95FC00C1C695 /* Assets.xcassets in Resources */ = {isa = PBXBuildFile; fileRef = 19536CA7235E95FC00C1C695 /* Assets.xcassets */; };
		19536CAB235E95FC00C1C695 /* LaunchScreen.storyboard in Resources */ = {isa = PBXBuildFile; fileRef = 19536CA9235E95FC00C1C695 /* LaunchScreen.storyboard */; };
/* End PBXBuildFile section */

/* Begin PBXFileReference section */
		19536C9B235E95FB00C1C695 /* birthYearCalculator.app */ = {isa = PBXFileReference; explicitFileType = wrapper.application; includeInIndex = 0; path = birthYearCalculator.app; sourceTree = BUILT_PRODUCTS_DIR; };
		19536C9E235E95FB00C1C695 /* AppDelegate.swift */ = {isa = PBXFileReference; lastKnownFileType = sourcecode.swift; path = AppDelegate.swift; sourceTree = "<group>"; };
		19536CA0235E95FB00C1C695 /* SceneDelegate.swift */ = {isa = PBXFileReference; lastKnownFileType = sourcecode.swift; path = SceneDelegate.swift; sourceTree = "<group>"; };
		19536CA2235E95FB00C1C695 /* ViewController.swift */ = {isa = PBXFileReference; lastKnownFileType = sourcecode.swift; path = ViewController.swift; sourceTree = "<group>"; };
		19536CA5235E95FB00C1C695 /* Base */ = {isa = PBXFileReference; lastKnownFileType = file.storyboard; name = Base; path = Base.lproj/Main.storyboard; sourceTree = "<group>"; };
		19536CA7235E95FC00C1C695 /* Assets.xcassets */ = {isa = PBXFileReference; lastKnownFileType = folder.assetcatalog; path = Assets.xcassets; sourceTree = "<group>"; };
		19536CAA235E95FC00C1C695 /* Base */ = {isa = PBXFileReference; lastKnownFileType = file.storyboard; name = Base; path = Base.lproj/LaunchScreen.storyboard; sourceTree = "<group>"; };
		19536CAC235E95FC00C1C695 /* Info.plist */ = {isa = PBXFileReference; lastKnownFileType = text.plist.xml; path = Info.plist; sourceTree = "<group>"; };
/* End PBXFileReference section */

/* Begin PBXFrameworksBuildPhase section */
		19536C98235E95FB00C1C695 /* Frameworks */ = {
			isa = PBXFrameworksBuildPhase;
			buildActionMask = 2147483647;
			files = (
			);
			runOnlyForDeploymentPostprocessing = 0;
		};
/* End PBXFrameworksBuildPhase section */

/* Begin PBXGroup section */
		19536C92235E95FB00C1C695 = {
			isa = PBXGroup;
			children = (
				19536C9D235E95FB00C1C695 /* birthYearCalculator */,
				19536C9C235E95FB00C1C695 /* Products */,
			);
			sourceTree = "<group>";
		};
		19536C9C235E95FB00C1C695 /* Products */ = {
			isa = PBXGroup;
			children = (
				19536C9B235E95FB00C1C695 /* birthYearCalculator.app */,
			);
			name = Products;
			sourceTree = "<group>";
		};
		19536C9D235E95FB00C1C695 /* birthYearCalculator */ = {
			isa = PBXGroup;
			children = (
				19536C9E235E95FB00C1C695 /* AppDelegate.swift */,
				19536CA0235E95FB00C1C695 /* SceneDelegate.swift */,
				19536CA2235E95FB00C1C695 /* ViewController.swift */,
				19536CA4235E95FB00C1C695 /* Main.storyboard */,
				19536CA7235E95FC00C1C695 /* Assets.xcassets */,
				19536CA9235E95FC00C1C695 /* LaunchScreen.storyboard */,
				19536CAC235E95FC00C1C695 /* Info.plist */,
			);
			path = birthYearCalculator;
			sourceTree = "<group>";
		};
/* End PBXGroup section */

/* Begin PBXNativeTarget section */
		19536C9A235E95FB00C1C695 /* birthYearCalculator */ = {
			isa = PBXNativeTarget;
			buildConfigurationList = 19536CAF235E95FC00C1C695 /* Build configuration list for PBXNativeTarget "birthYearCalculator" */;
			buildPhases = (
				19536C97235E95FB00C1C695 /* Sources */,
				19536C98235E95FB00C1C695 /* Frameworks */,
				19536C99235E95FB00C1C695 /* Resources */,
			);
			buildRules = (
			);
			dependencies = (
			);
			name = birthYearCalculator;
			productName = birthYearCalculator;
			productReference = 19536C9B235E95FB00C1C695 /* birthYearCalculator.app */;
			productType = "com.apple.product-type.application";
		};
/* End PBXNativeTarget section */

/* Begin PBXProject section */
		19536C93235E95FB00C1C695 /* Project object */ = {
			isa = PBXProject;
			attributes = {
				LastSwiftUpdateCheck = 1110;
				LastUpgradeCheck = 1110;
				ORGANIZATIONNAME = "Ezra Barber";
				TargetAttributes = {
					19536C9A235E95FB00C1C695 = {
						CreatedOnToolsVersion = 11.1;
					};
				};
			};
			buildConfigurationList = 19536C96235E95FB00C1C695 /* Build configuration list for PBXProject "birthYearCalculator" */;
			compatibilityVersion = "Xcode 9.3";
			developmentRegion = en;
			hasScannedForEncodings = 0;
			knownRegions = (
				en,
				Base,
			);
			mainGroup = 19536C92235E95FB00C1C695;
			productRefGroup = 19536C9C235E95FB00C1C695 /* Products */;
			projectDirPath = "";
			projectRoot = "";
			targets = (
				19536C9A235E95FB00C1C695 /* birthYearCalculator */,
			);
		};
/* End PBXProject section */

/* Begin PBXResourcesBuildPhase section */
		19536C99235E95FB00C1C695 /* Resources */ = {
			isa = PBXResourcesBuildPhase;
			buildActionMask = 2147483647;
			files = (
				19536CAB235E95FC00C1C695 /* LaunchScreen.storyboard in Resources */,
				19536CA8235E95FC00C1C695 /* Assets.xcassets in Resources */,
				19536CA6235E95FB00C1C695 /* Main.storyboard in Resources */,
			);
			runOnlyForDeploymentPostprocessing = 0;
		};
/* End PBXResourcesBuildPhase section */

/* Begin PBXSourcesBuildPhase section */
		19536C97235E95FB00C1C695 /* Sources */ = {
			isa = PBXSourcesBuildPhase;
			buildActionMask = 2147483647;
			files = (
				19536CA3235E95FB00C1C695 /* ViewController.swift in Sources */,
				19536C9F235E95FB00C1C695 /* AppDelegate.swift in Sources */,
				19536CA1235E95FB00C1C695 /* SceneDelegate.swift in Sources */,
			);
			runOnlyForDeploymentPostprocessing = 0;
		};
/* End PBXSourcesBuildPhase section */

/* Begin PBXVariantGroup section */
		19536CA4235E95FB00C1C695 /* Main.storyboard */ = {
			isa = PBXVariantGroup;
			children = (
				19536CA5235E95FB00C1C695 /* Base */,
			);
			name = Main.storyboard;
			sourceTree = "<group>";
		};
		19536CA9235E95FC00C1C695 /* LaunchScreen.storyboard */ = {
			isa = PBXVariantGroup;
			children = (
				19536CAA235E95FC00C1C695 /* Base */,
			);
			name = LaunchScreen.storyboard;
			sourceTree = "<group>";
		};
/* End PBXVariantGroup section */

/* Begin XCBuildConfiguration section */
		19536CAD235E95FC00C1C695 /* Debug */ = {
			isa = XCBuildConfiguration;
			buildSettings = {
				ALWAYS_SEARCH_USER_PATHS = NO;
				CLANG_ANALYZER_NONNULL = YES;
				CLANG_ANALYZER_NUMBER_OBJECT_CONVERSION = YES_AGGRESSIVE;
				CLANG_CXX_LANGUAGE_STANDARD = "gnu++14";
				CLANG_CXX_LIBRARY = "libc++";
				CLANG_ENABLE_MODULES = YES;
				CLANG_ENABLE_OBJC_ARC = YES;
				CLANG_ENABLE_OBJC_WEAK = YES;
				CLANG_WARN_BLOCK_CAPTURE_AUTORELEASING = YES;
				CLANG_WARN_BOOL_CONVERSION = YES;
				CLANG_WARN_COMMA = YES;
				CLANG_WARN_CONSTANT_CONVERSION = YES;
				CLANG_WARN_DEPRECATED_OBJC_IMPLEMENTATIONS = YES;
				CLANG_WARN_DIRECT_OBJC_ISA_USAGE = YES_ERROR;
				CLANG_WARN_DOCUMENTATION_COMMENTS = YES;
				CLANG_WARN_EMPTY_BODY = YES;
				CLANG_WARN_ENUM_CONVERSION = YES;
				CLANG_WARN_INFINITE_RECURSION = YES;
				CLANG_WARN_INT_CONVERSION = YES;
				CLANG_WARN_NON_LITERAL_NULL_CONVERSION = YES;
				CLANG_WARN_OBJC_IMPLICIT_RETAIN_SELF = YES;
				CLANG_WARN_OBJC_LITERAL_CONVERSION = YES;
				CLANG_WARN_OBJC_ROOT_CLASS = YES_ERROR;
				CLANG_WARN_RANGE_LOOP_ANALYSIS = YES;
				CLANG_WARN_STRICT_PROTOTYPES = YES;
				CLANG_WARN_SUSPICIOUS_MOVE = YES;
				CLANG_WARN_UNGUARDED_AVAILABILITY = YES_AGGRESSIVE;
				CLANG_WARN_UNREACHABLE_CODE = YES;
				CLANG_WARN__DUPLICATE_METHOD_MATCH = YES;
				COPY_PHASE_STRIP = NO;
				DEBUG_INFORMATION_FORMAT = dwarf;
				ENABLE_STRICT_OBJC_MSGSEND = YES;
				ENABLE_TESTABILITY = YES;
				GCC_C_LANGUAGE_STANDARD = gnu11;
				GCC_DYNAMIC_NO_PIC = NO;
				GCC_NO_COMMON_BLOCKS = YES;
				GCC_OPTIMIZATION_LEVEL = 0;
				GCC_PREPROCESSOR_DEFINITIONS = (
					"DEBUG=1",
					"$(inherited)",
				);
				GCC_WARN_64_TO_32_BIT_CONVERSION = YES;
				GCC_WARN_ABOUT_RETURN_TYPE = YES_ERROR;
				GCC_WARN_UNDECLARED_SELECTOR = YES;
				GCC_WARN_UNINITIALIZED_AUTOS = YES_AGGRESSIVE;
				GCC_WARN_UNUSED_FUNCTION = YES;
				GCC_WARN_UNUSED_VARIABLE = YES;
				IPHONEOS_DEPLOYMENT_TARGET = 13.1;
				MTL_ENABLE_DEBUG_INFO = INCLUDE_SOURCE;
				MTL_FAST_MATH = YES;
				ONLY_ACTIVE_ARCH = YES;
				SDKROOT = iphoneos;
				SWIFT_ACTIVE_COMPILATION_CONDITIONS = DEBUG;
				SWIFT_OPTIMIZATION_LEVEL = "-Onone";
			};
			name = Debug;
		};
		19536CAE235E95FC00C1C695 /* Release */ = {
			isa = XCBuildConfiguration;
			buildSettings = {
				ALWAYS_SEARCH_USER_PATHS = NO;
				CLANG_ANALYZER_NONNULL = YES;
				CLANG_ANALYZER_NUMBER_OBJECT_CONVERSION = YES_AGGRESSIVE;
				CLANG_CXX_LANGUAGE_STANDARD = "gnu++14";
				CLANG_CXX_LIBRARY = "libc++";
				CLANG_ENABLE_MODULES = YES;
				CLANG_ENABLE_OBJC_ARC = YES;
				CLANG_ENABLE_OBJC_WEAK = YES;
				CLANG_WARN_BLOCK_CAPTURE_AUTORELEASING = YES;
				CLANG_WARN_BOOL_CONVERSION = YES;
				CLANG_WARN_COMMA = YES;
				CLANG_WARN_CONSTANT_CONVERSION = YES;
				CLANG_WARN_DEPRECATED_OBJC_IMPLEMENTATIONS = YES;
				CLANG_WARN_DIRECT_OBJC_ISA_USAGE = YES_ERROR;
				CLANG_WARN_DOCUMENTATION_COMMENTS = YES;
				CLANG_WARN_EMPTY_BODY = YES;
				CLANG_WARN_ENUM_CONVERSION = YES;
				CLANG_WARN_INFINITE_RECURSION = YES;
				CLANG_WARN_INT_CONVERSION = YES;
				CLANG_WARN_NON_LITERAL_NULL_CONVERSION = YES;
				CLANG_WARN_OBJC_IMPLICIT_RETAIN_SELF = YES;
				CLANG_WARN_OBJC_LITERAL_CONVERSION = YES;
				CLANG_WARN_OBJC_ROOT_CLASS = YES_ERROR;
				CLANG_WARN_RANGE_LOOP_ANALYSIS = YES;
				CLANG_WARN_STRICT_PROTOTYPES = YES;
				CLANG_WARN_SUSPICIOUS_MOVE = YES;
				CLANG_WARN_UNGUARDED_AVAILABILITY = YES_AGGRESSIVE;
				CLANG_WARN_UNREACHABLE_CODE = YES;
				CLANG_WARN__DUPLICATE_METHOD_MATCH = YES;
				COPY_PHASE_STRIP = NO;
				DEBUG_INFORMATION_FORMAT = "dwarf-with-dsym";
				ENABLE_NS_ASSERTIONS = NO;
				ENABLE_STRICT_OBJC_MSGSEND = YES;
				GCC_C_LANGUAGE_STANDARD = gnu11;
				GCC_NO_COMMON_BLOCKS = YES;
				GCC_WARN_64_TO_32_BIT_CONVERSION = YES;
				GCC_WARN_ABOUT_RETURN_TYPE = YES_ERROR;
				GCC_WARN_UNDECLARED_SELECTOR = YES;
				GCC_WARN_UNINITIALIZED_AUTOS = YES_AGGRESSIVE;
				GCC_WARN_UNUSED_FUNCTION = YES;
				GCC_WARN_UNUSED_VARIABLE = YES;
				IPHONEOS_DEPLOYMENT_TARGET = 13.1;
				MTL_ENABLE_DEBUG_INFO = NO;
				MTL_FAST_MATH = YES;
				SDKROOT = iphoneos;
				SWIFT_COMPILATION_MODE = wholemodule;
				SWIFT_OPTIMIZATION_LEVEL = "-O";
				VALIDATE_PRODUCT = YES;
			};
			name = Release;
		};
		19536CB0235E95FC00C1C695 /* Debug */ = {
			isa = XCBuildConfiguration;
			buildSettings = {
				ASSETCATALOG_COMPILER_APPICON_NAME = AppIcon;
				CODE_SIGN_STYLE = Automatic;
				INFOPLIST_FILE = birthYearCalculator/Info.plist;
				LD_RUNPATH_SEARCH_PATHS = (
					"$(inherited)",
					"@executable_path/Frameworks",
				);
				PRODUCT_BUNDLE_IDENTIFIER = com.helloThere.birthYearCalculator;
				PRODUCT_NAME = "$(TARGET_NAME)";
				SWIFT_VERSION = 5.0;
				TARGETED_DEVICE_FAMILY = "1,2";
			};
			name = Debug;
		};
		19536CB1235E95FC00C1C695 /* Release */ = {
			isa = XCBuildConfiguration;
			buildSettings = {
				ASSETCATALOG_COMPILER_APPICON_NAME = AppIcon;
				CODE_SIGN_STYLE = Automatic;
				INFOPLIST_FILE = birthYearCalculator/Info.plist;
				LD_RUNPATH_SEARCH_PATHS = (
					"$(inherited)",
					"@executable_path/Frameworks",
				);
				PRODUCT_BUNDLE_IDENTIFIER = com.helloThere.birthYearCalculator;
				PRODUCT_NAME = "$(TARGET_NAME)";
				SWIFT_VERSION = 5.0;
				TARGETED_DEVICE_FAMILY = "1,2";
			};
			name = Release;
		};
/* End XCBuildConfiguration section */

/* Begin XCConfigurationList section */
		19536C96235E95FB00C1C695 /* Build configuration list for PBXProject "birthYearCalculator" */ = {
			isa = XCConfigurationList;
			buildConfigurations = (
				19536CAD235E95FC00C1C695 /* Debug */,
				19536CAE235E95FC00C1C695 /* Release */,
			);
			defaultConfigurationIsVisible = 0;
			defaultConfigurationName = Release;
		};
		19536CAF235E95FC00C1C695 /* Build configuration list for PBXNativeTarget "birthYearCalculator" */ = {
			isa = XCConfigurationList;
			buildConfigurations = (
				19536CB0235E95FC00C1C695 /* Debug */,
				19536CB1235E95FC00C1C695 /* Release */,
			);
			defaultConfigurationIsVisible = 0;
			defaultConfigurationName = Release;
		};
/* End XCConfigurationList section */
	};
	rootObject = 19536C93235E95FB00C1C695 /* Project object */;
}
