// !$*UTF8*$!
{
	archiveVersion = 1;
	classes = {
	};
	objectVersion = 50;
	objects = {

/* Begin PBXBuildFile section */
		195FCD5F23C7906A00F2B4B0 /* AppDelegate.swift in Sources */ = {isa = PBXBuildFile; fileRef = 195FCD5E23C7906A00F2B4B0 /* AppDelegate.swift */; };
		195FCD6123C7906A00F2B4B0 /* SceneDelegate.swift in Sources */ = {isa = PBXBuildFile; fileRef = 195FCD6023C7906A00F2B4B0 /* SceneDelegate.swift */; };
		195FCD6323C7906A00F2B4B0 /* ViewController.swift in Sources */ = {isa = PBXBuildFile; fileRef = 195FCD6223C7906A00F2B4B0 /* ViewController.swift */; };
		195FCD6623C7906A00F2B4B0 /* Main.storyboard in Resources */ = {isa = PBXBuildFile; fileRef = 195FCD6423C7906A00F2B4B0 /* Main.storyboard */; };
		195FCD6823C7906B00F2B4B0 /* Assets.xcassets in Resources */ = {isa = PBXBuildFile; fileRef = 195FCD6723C7906B00F2B4B0 /* Assets.xcassets */; };
		195FCD6B23C7906B00F2B4B0 /* LaunchScreen.storyboard in Resources */ = {isa = PBXBuildFile; fileRef = 195FCD6923C7906B00F2B4B0 /* LaunchScreen.storyboard */; };
/* End PBXBuildFile section */

/* Begin PBXFileReference section */
		195FCD5B23C7906A00F2B4B0 /* jsonWriting.app */ = {isa = PBXFileReference; explicitFileType = wrapper.application; includeInIndex = 0; path = jsonWriting.app; sourceTree = BUILT_PRODUCTS_DIR; };
		195FCD5E23C7906A00F2B4B0 /* AppDelegate.swift */ = {isa = PBXFileReference; lastKnownFileType = sourcecode.swift; path = AppDelegate.swift; sourceTree = "<group>"; };
		195FCD6023C7906A00F2B4B0 /* SceneDelegate.swift */ = {isa = PBXFileReference; lastKnownFileType = sourcecode.swift; path = SceneDelegate.swift; sourceTree = "<group>"; };
		195FCD6223C7906A00F2B4B0 /* ViewController.swift */ = {isa = PBXFileReference; lastKnownFileType = sourcecode.swift; path = ViewController.swift; sourceTree = "<group>"; };
		195FCD6523C7906A00F2B4B0 /* Base */ = {isa = PBXFileReference; lastKnownFileType = file.storyboard; name = Base; path = Base.lproj/Main.storyboard; sourceTree = "<group>"; };
		195FCD6723C7906B00F2B4B0 /* Assets.xcassets */ = {isa = PBXFileReference; lastKnownFileType = folder.assetcatalog; path = Assets.xcassets; sourceTree = "<group>"; };
		195FCD6A23C7906B00F2B4B0 /* Base */ = {isa = PBXFileReference; lastKnownFileType = file.storyboard; name = Base; path = Base.lproj/LaunchScreen.storyboard; sourceTree = "<group>"; };
		195FCD6C23C7906B00F2B4B0 /* Info.plist */ = {isa = PBXFileReference; lastKnownFileType = text.plist.xml; path = Info.plist; sourceTree = "<group>"; };
/* End PBXFileReference section */

/* Begin PBXFrameworksBuildPhase section */
		195FCD5823C7906A00F2B4B0 /* Frameworks */ = {
			isa = PBXFrameworksBuildPhase;
			buildActionMask = 2147483647;
			files = (
			);
			runOnlyForDeploymentPostprocessing = 0;
		};
/* End PBXFrameworksBuildPhase section */

/* Begin PBXGroup section */
		195FCD5223C7906A00F2B4B0 = {
			isa = PBXGroup;
			children = (
				195FCD5D23C7906A00F2B4B0 /* jsonWriting */,
				195FCD5C23C7906A00F2B4B0 /* Products */,
			);
			sourceTree = "<group>";
		};
		195FCD5C23C7906A00F2B4B0 /* Products */ = {
			isa = PBXGroup;
			children = (
				195FCD5B23C7906A00F2B4B0 /* jsonWriting.app */,
			);
			name = Products;
			sourceTree = "<group>";
		};
		195FCD5D23C7906A00F2B4B0 /* jsonWriting */ = {
			isa = PBXGroup;
			children = (
				195FCD5E23C7906A00F2B4B0 /* AppDelegate.swift */,
				195FCD6023C7906A00F2B4B0 /* SceneDelegate.swift */,
				195FCD6223C7906A00F2B4B0 /* ViewController.swift */,
				195FCD6423C7906A00F2B4B0 /* Main.storyboard */,
				195FCD6723C7906B00F2B4B0 /* Assets.xcassets */,
				195FCD6923C7906B00F2B4B0 /* LaunchScreen.storyboard */,
				195FCD6C23C7906B00F2B4B0 /* Info.plist */,
			);
			path = jsonWriting;
			sourceTree = "<group>";
		};
/* End PBXGroup section */

/* Begin PBXNativeTarget section */
		195FCD5A23C7906A00F2B4B0 /* jsonWriting */ = {
			isa = PBXNativeTarget;
			buildConfigurationList = 195FCD6F23C7906B00F2B4B0 /* Build configuration list for PBXNativeTarget "jsonWriting" */;
			buildPhases = (
				195FCD5723C7906A00F2B4B0 /* Sources */,
				195FCD5823C7906A00F2B4B0 /* Frameworks */,
				195FCD5923C7906A00F2B4B0 /* Resources */,
			);
			buildRules = (
			);
			dependencies = (
			);
			name = jsonWriting;
			productName = jsonWriting;
			productReference = 195FCD5B23C7906A00F2B4B0 /* jsonWriting.app */;
			productType = "com.apple.product-type.application";
		};
/* End PBXNativeTarget section */

/* Begin PBXProject section */
		195FCD5323C7906A00F2B4B0 /* Project object */ = {
			isa = PBXProject;
			attributes = {
				LastSwiftUpdateCheck = 1130;
				LastUpgradeCheck = 1130;
				ORGANIZATIONNAME = "Ezra Barber";
				TargetAttributes = {
					195FCD5A23C7906A00F2B4B0 = {
						CreatedOnToolsVersion = 11.3;
					};
				};
			};
			buildConfigurationList = 195FCD5623C7906A00F2B4B0 /* Build configuration list for PBXProject "jsonWriting" */;
			compatibilityVersion = "Xcode 9.3";
			developmentRegion = en;
			hasScannedForEncodings = 0;
			knownRegions = (
				en,
				Base,
			);
			mainGroup = 195FCD5223C7906A00F2B4B0;
			productRefGroup = 195FCD5C23C7906A00F2B4B0 /* Products */;
			projectDirPath = "";
			projectRoot = "";
			targets = (
				195FCD5A23C7906A00F2B4B0 /* jsonWriting */,
			);
		};
/* End PBXProject section */

/* Begin PBXResourcesBuildPhase section */
		195FCD5923C7906A00F2B4B0 /* Resources */ = {
			isa = PBXResourcesBuildPhase;
			buildActionMask = 2147483647;
			files = (
				195FCD6B23C7906B00F2B4B0 /* LaunchScreen.storyboard in Resources */,
				195FCD6823C7906B00F2B4B0 /* Assets.xcassets in Resources */,
				195FCD6623C7906A00F2B4B0 /* Main.storyboard in Resources */,
			);
			runOnlyForDeploymentPostprocessing = 0;
		};
/* End PBXResourcesBuildPhase section */

/* Begin PBXSourcesBuildPhase section */
		195FCD5723C7906A00F2B4B0 /* Sources */ = {
			isa = PBXSourcesBuildPhase;
			buildActionMask = 2147483647;
			files = (
				195FCD6323C7906A00F2B4B0 /* ViewController.swift in Sources */,
				195FCD5F23C7906A00F2B4B0 /* AppDelegate.swift in Sources */,
				195FCD6123C7906A00F2B4B0 /* SceneDelegate.swift in Sources */,
			);
			runOnlyForDeploymentPostprocessing = 0;
		};
/* End PBXSourcesBuildPhase section */

/* Begin PBXVariantGroup section */
		195FCD6423C7906A00F2B4B0 /* Main.storyboard */ = {
			isa = PBXVariantGroup;
			children = (
				195FCD6523C7906A00F2B4B0 /* Base */,
			);
			name = Main.storyboard;
			sourceTree = "<group>";
		};
		195FCD6923C7906B00F2B4B0 /* LaunchScreen.storyboard */ = {
			isa = PBXVariantGroup;
			children = (
				195FCD6A23C7906B00F2B4B0 /* Base */,
			);
			name = LaunchScreen.storyboard;
			sourceTree = "<group>";
		};
/* End PBXVariantGroup section */

/* Begin XCBuildConfiguration section */
		195FCD6D23C7906B00F2B4B0 /* Debug */ = {
			isa = XCBuildConfiguration;
			buildSettings = {
				ALWAYS_SEARCH_USER_PATHS = NO;
				CLANG_ANALYZER_NONNULL = YES;
				CLANG_ANALYZER_NUMBER_OBJECT_CONVERSION = YES_AGGRESSIVE;
				CLANG_CXX_LANGUAGE_STANDARD = "gnu++14";
				CLANG_CXX_LIBRARY = "libc++";
				CLANG_ENABLE_MODULES = YES;
				CLANG_ENABLE_OBJC_ARC = YES;
				CLANG_ENABLE_OBJC_WEAK = YES;
				CLANG_WARN_BLOCK_CAPTURE_AUTORELEASING = YES;
				CLANG_WARN_BOOL_CONVERSION = YES;
				CLANG_WARN_COMMA = YES;
				CLANG_WARN_CONSTANT_CONVERSION = YES;
				CLANG_WARN_DEPRECATED_OBJC_IMPLEMENTATIONS = YES;
				CLANG_WARN_DIRECT_OBJC_ISA_USAGE = YES_ERROR;
				CLANG_WARN_DOCUMENTATION_COMMENTS = YES;
				CLANG_WARN_EMPTY_BODY = YES;
				CLANG_WARN_ENUM_CONVERSION = YES;
				CLANG_WARN_INFINITE_RECURSION = YES;
				CLANG_WARN_INT_CONVERSION = YES;
				CLANG_WARN_NON_LITERAL_NULL_CONVERSION = YES;
				CLANG_WARN_OBJC_IMPLICIT_RETAIN_SELF = YES;
				CLANG_WARN_OBJC_LITERAL_CONVERSION = YES;
				CLANG_WARN_OBJC_ROOT_CLASS = YES_ERROR;
				CLANG_WARN_RANGE_LOOP_ANALYSIS = YES;
				CLANG_WARN_STRICT_PROTOTYPES = YES;
				CLANG_WARN_SUSPICIOUS_MOVE = YES;
				CLANG_WARN_UNGUARDED_AVAILABILITY = YES_AGGRESSIVE;
				CLANG_WARN_UNREACHABLE_CODE = YES;
				CLANG_WARN__DUPLICATE_METHOD_MATCH = YES;
				COPY_PHASE_STRIP = NO;
				DEBUG_INFORMATION_FORMAT = dwarf;
				ENABLE_STRICT_OBJC_MSGSEND = YES;
				ENABLE_TESTABILITY = YES;
				GCC_C_LANGUAGE_STANDARD = gnu11;
				GCC_DYNAMIC_NO_PIC = NO;
				GCC_NO_COMMON_BLOCKS = YES;
				GCC_OPTIMIZATION_LEVEL = 0;
				GCC_PREPROCESSOR_DEFINITIONS = (
					"DEBUG=1",
					"$(inherited)",
				);
				GCC_WARN_64_TO_32_BIT_CONVERSION = YES;
				GCC_WARN_ABOUT_RETURN_TYPE = YES_ERROR;
				GCC_WARN_UNDECLARED_SELECTOR = YES;
				GCC_WARN_UNINITIALIZED_AUTOS = YES_AGGRESSIVE;
				GCC_WARN_UNUSED_FUNCTION = YES;
				GCC_WARN_UNUSED_VARIABLE = YES;
				IPHONEOS_DEPLOYMENT_TARGET = 13.2;
				MTL_ENABLE_DEBUG_INFO = INCLUDE_SOURCE;
				MTL_FAST_MATH = YES;
				ONLY_ACTIVE_ARCH = YES;
				SDKROOT = iphoneos;
				SWIFT_ACTIVE_COMPILATION_CONDITIONS = DEBUG;
				SWIFT_OPTIMIZATION_LEVEL = "-Onone";
			};
			name = Debug;
		};
		195FCD6E23C7906B00F2B4B0 /* Release */ = {
			isa = XCBuildConfiguration;
			buildSettings = {
				ALWAYS_SEARCH_USER_PATHS = NO;
				CLANG_ANALYZER_NONNULL = YES;
				CLANG_ANALYZER_NUMBER_OBJECT_CONVERSION = YES_AGGRESSIVE;
				CLANG_CXX_LANGUAGE_STANDARD = "gnu++14";
				CLANG_CXX_LIBRARY = "libc++";
				CLANG_ENABLE_MODULES = YES;
				CLANG_ENABLE_OBJC_ARC = YES;
				CLANG_ENABLE_OBJC_WEAK = YES;
				CLANG_WARN_BLOCK_CAPTURE_AUTORELEASING = YES;
				CLANG_WARN_BOOL_CONVERSION = YES;
				CLANG_WARN_COMMA = YES;
				CLANG_WARN_CONSTANT_CONVERSION = YES;
				CLANG_WARN_DEPRECATED_OBJC_IMPLEMENTATIONS = YES;
				CLANG_WARN_DIRECT_OBJC_ISA_USAGE = YES_ERROR;
				CLANG_WARN_DOCUMENTATION_COMMENTS = YES;
				CLANG_WARN_EMPTY_BODY = YES;
				CLANG_WARN_ENUM_CONVERSION = YES;
				CLANG_WARN_INFINITE_RECURSION = YES;
				CLANG_WARN_INT_CONVERSION = YES;
				CLANG_WARN_NON_LITERAL_NULL_CONVERSION = YES;
				CLANG_WARN_OBJC_IMPLICIT_RETAIN_SELF = YES;
				CLANG_WARN_OBJC_LITERAL_CONVERSION = YES;
				CLANG_WARN_OBJC_ROOT_CLASS = YES_ERROR;
				CLANG_WARN_RANGE_LOOP_ANALYSIS = YES;
				CLANG_WARN_STRICT_PROTOTYPES = YES;
				CLANG_WARN_SUSPICIOUS_MOVE = YES;
				CLANG_WARN_UNGUARDED_AVAILABILITY = YES_AGGRESSIVE;
				CLANG_WARN_UNREACHABLE_CODE = YES;
				CLANG_WARN__DUPLICATE_METHOD_MATCH = YES;
				COPY_PHASE_STRIP = NO;
				DEBUG_INFORMATION_FORMAT = "dwarf-with-dsym";
				ENABLE_NS_ASSERTIONS = NO;
				ENABLE_STRICT_OBJC_MSGSEND = YES;
				GCC_C_LANGUAGE_STANDARD = gnu11;
				GCC_NO_COMMON_BLOCKS = YES;
				GCC_WARN_64_TO_32_BIT_CONVERSION = YES;
				GCC_WARN_ABOUT_RETURN_TYPE = YES_ERROR;
				GCC_WARN_UNDECLARED_SELECTOR = YES;
				GCC_WARN_UNINITIALIZED_AUTOS = YES_AGGRESSIVE;
				GCC_WARN_UNUSED_FUNCTION = YES;
				GCC_WARN_UNUSED_VARIABLE = YES;
				IPHONEOS_DEPLOYMENT_TARGET = 13.2;
				MTL_ENABLE_DEBUG_INFO = NO;
				MTL_FAST_MATH = YES;
				SDKROOT = iphoneos;
				SWIFT_COMPILATION_MODE = wholemodule;
				SWIFT_OPTIMIZATION_LEVEL = "-O";
				VALIDATE_PRODUCT = YES;
			};
			name = Release;
		};
		195FCD7023C7906B00F2B4B0 /* Debug */ = {
			isa = XCBuildConfiguration;
			buildSettings = {
				ASSETCATALOG_COMPILER_APPICON_NAME = AppIcon;
				CODE_SIGN_STYLE = Automatic;
				DEVELOPMENT_TEAM = T2J9V7LV8B;
				INFOPLIST_FILE = jsonWriting/Info.plist;
				LD_RUNPATH_SEARCH_PATHS = (
					"$(inherited)",
					"@executable_path/Frameworks",
				);
				PRODUCT_BUNDLE_IDENTIFIER = com.helloThere.jsonWriting;
				PRODUCT_NAME = "$(TARGET_NAME)";
				SWIFT_VERSION = 5.0;
				TARGETED_DEVICE_FAMILY = "1,2";
			};
			name = Debug;
		};
		195FCD7123C7906B00F2B4B0 /* Release */ = {
			isa = XCBuildConfiguration;
			buildSettings = {
				ASSETCATALOG_COMPILER_APPICON_NAME = AppIcon;
				CODE_SIGN_STYLE = Automatic;
				DEVELOPMENT_TEAM = T2J9V7LV8B;
				INFOPLIST_FILE = jsonWriting/Info.plist;
				LD_RUNPATH_SEARCH_PATHS = (
					"$(inherited)",
					"@executable_path/Frameworks",
				);
				PRODUCT_BUNDLE_IDENTIFIER = com.helloThere.jsonWriting;
				PRODUCT_NAME = "$(TARGET_NAME)";
				SWIFT_VERSION = 5.0;
				TARGETED_DEVICE_FAMILY = "1,2";
			};
			name = Release;
		};
/* End XCBuildConfiguration section */

/* Begin XCConfigurationList section */
		195FCD5623C7906A00F2B4B0 /* Build configuration list for PBXProject "jsonWriting" */ = {
			isa = XCConfigurationList;
			buildConfigurations = (
				195FCD6D23C7906B00F2B4B0 /* Debug */,
				195FCD6E23C7906B00F2B4B0 /* Release */,
			);
			defaultConfigurationIsVisible = 0;
			defaultConfigurationName = Release;
		};
		195FCD6F23C7906B00F2B4B0 /* Build configuration list for PBXNativeTarget "jsonWriting" */ = {
			isa = XCConfigurationList;
			buildConfigurations = (
				195FCD7023C7906B00F2B4B0 /* Debug */,
				195FCD7123C7906B00F2B4B0 /* Release */,
			);
			defaultConfigurationIsVisible = 0;
			defaultConfigurationName = Release;
		};
/* End XCConfigurationList section */
	};
	rootObject = 195FCD5323C7906A00F2B4B0 /* Project object */;
}
