// !$*UTF8*$!
{
	archiveVersion = 1;
	classes = {
	};
	objectVersion = 50;
	objects = {

/* Begin PBXBuildFile section */
		1979D20223722A5400075600 /* ViewController.swift in Sources */ = {isa = PBXBuildFile; fileRef = 1979D20123722A5400075600 /* ViewController.swift */; };
		198313E2236C98AD0074F343 /* AppDelegate.swift in Sources */ = {isa = PBXBuildFile; fileRef = 198313E1236C98AD0074F343 /* AppDelegate.swift */; };
		198313E4236C98AD0074F343 /* SceneDelegate.swift in Sources */ = {isa = PBXBuildFile; fileRef = 198313E3236C98AD0074F343 /* SceneDelegate.swift */; };
		198313E9236C98AD0074F343 /* Main.storyboard in Resources */ = {isa = PBXBuildFile; fileRef = 198313E7236C98AD0074F343 /* Main.storyboard */; };
		198313EB236C98B50074F343 /* Assets.xcassets in Resources */ = {isa = PBXBuildFile; fileRef = 198313EA236C98B50074F343 /* Assets.xcassets */; };
		198313EE236C98B50074F343 /* LaunchScreen.storyboard in Resources */ = {isa = PBXBuildFile; fileRef = 198313EC236C98B50074F343 /* LaunchScreen.storyboard */; };
		198313F6236C9A000074F343 /* TableViewController.swift in Sources */ = {isa = PBXBuildFile; fileRef = 198313F5236C9A000074F343 /* TableViewController.swift */; };
/* End PBXBuildFile section */

/* Begin PBXFileReference section */
		1979D20123722A5400075600 /* ViewController.swift */ = {isa = PBXFileReference; fileEncoding = 4; lastKnownFileType = sourcecode.swift; name = ViewController.swift; path = ../../ScheduleGetter/ScheduleGetter/ViewController.swift; sourceTree = "<group>"; };
		198313DE236C98AD0074F343 /* xrdsDictionary.app */ = {isa = PBXFileReference; explicitFileType = wrapper.application; includeInIndex = 0; path = xrdsDictionary.app; sourceTree = BUILT_PRODUCTS_DIR; };
		198313E1236C98AD0074F343 /* AppDelegate.swift */ = {isa = PBXFileReference; lastKnownFileType = sourcecode.swift; path = AppDelegate.swift; sourceTree = "<group>"; };
		198313E3236C98AD0074F343 /* SceneDelegate.swift */ = {isa = PBXFileReference; lastKnownFileType = sourcecode.swift; path = SceneDelegate.swift; sourceTree = "<group>"; };
		198313E8236C98AD0074F343 /* Base */ = {isa = PBXFileReference; lastKnownFileType = file.storyboard; name = Base; path = Base.lproj/Main.storyboard; sourceTree = "<group>"; };
		198313EA236C98B50074F343 /* Assets.xcassets */ = {isa = PBXFileReference; lastKnownFileType = folder.assetcatalog; path = Assets.xcassets; sourceTree = "<group>"; };
		198313ED236C98B50074F343 /* Base */ = {isa = PBXFileReference; lastKnownFileType = file.storyboard; name = Base; path = Base.lproj/LaunchScreen.storyboard; sourceTree = "<group>"; };
		198313EF236C98B50074F343 /* Info.plist */ = {isa = PBXFileReference; lastKnownFileType = text.plist.xml; path = Info.plist; sourceTree = "<group>"; };
		198313F5236C9A000074F343 /* TableViewController.swift */ = {isa = PBXFileReference; lastKnownFileType = sourcecode.swift; path = TableViewController.swift; sourceTree = "<group>"; };
/* End PBXFileReference section */

/* Begin PBXFrameworksBuildPhase section */
		198313DB236C98AD0074F343 /* Frameworks */ = {
			isa = PBXFrameworksBuildPhase;
			buildActionMask = 2147483647;
			files = (
			);
			runOnlyForDeploymentPostprocessing = 0;
		};
/* End PBXFrameworksBuildPhase section */

/* Begin PBXGroup section */
		198313D5236C98AD0074F343 = {
			isa = PBXGroup;
			children = (
				198313E0236C98AD0074F343 /* xrdsDictionary */,
				198313DF236C98AD0074F343 /* Products */,
			);
			sourceTree = "<group>";
		};
		198313DF236C98AD0074F343 /* Products */ = {
			isa = PBXGroup;
			children = (
				198313DE236C98AD0074F343 /* xrdsDictionary.app */,
			);
			name = Products;
			sourceTree = "<group>";
		};
		198313E0236C98AD0074F343 /* xrdsDictionary */ = {
			isa = PBXGroup;
			children = (
				198313E1236C98AD0074F343 /* AppDelegate.swift */,
				198313E3236C98AD0074F343 /* SceneDelegate.swift */,
				198313E7236C98AD0074F343 /* Main.storyboard */,
				198313F5236C9A000074F343 /* TableViewController.swift */,
				1979D20123722A5400075600 /* ViewController.swift */,
				198313EA236C98B50074F343 /* Assets.xcassets */,
				198313EC236C98B50074F343 /* LaunchScreen.storyboard */,
				198313EF236C98B50074F343 /* Info.plist */,
			);
			path = xrdsDictionary;
			sourceTree = "<group>";
		};
/* End PBXGroup section */

/* Begin PBXNativeTarget section */
		198313DD236C98AD0074F343 /* xrdsDictionary */ = {
			isa = PBXNativeTarget;
			buildConfigurationList = 198313F2236C98B50074F343 /* Build configuration list for PBXNativeTarget "xrdsDictionary" */;
			buildPhases = (
				198313DA236C98AD0074F343 /* Sources */,
				198313DB236C98AD0074F343 /* Frameworks */,
				198313DC236C98AD0074F343 /* Resources */,
			);
			buildRules = (
			);
			dependencies = (
			);
			name = xrdsDictionary;
			productName = xrdsDictionary;
			productReference = 198313DE236C98AD0074F343 /* xrdsDictionary.app */;
			productType = "com.apple.product-type.application";
		};
/* End PBXNativeTarget section */

/* Begin PBXProject section */
		198313D6236C98AD0074F343 /* Project object */ = {
			isa = PBXProject;
			attributes = {
				LastSwiftUpdateCheck = 1110;
				LastUpgradeCheck = 1110;
				ORGANIZATIONNAME = "Ezra Barber";
				TargetAttributes = {
					198313DD236C98AD0074F343 = {
						CreatedOnToolsVersion = 11.1;
					};
				};
			};
			buildConfigurationList = 198313D9236C98AD0074F343 /* Build configuration list for PBXProject "xrdsDictionary" */;
			compatibilityVersion = "Xcode 9.3";
			developmentRegion = en;
			hasScannedForEncodings = 0;
			knownRegions = (
				en,
				Base,
			);
			mainGroup = 198313D5236C98AD0074F343;
			productRefGroup = 198313DF236C98AD0074F343 /* Products */;
			projectDirPath = "";
			projectRoot = "";
			targets = (
				198313DD236C98AD0074F343 /* xrdsDictionary */,
			);
		};
/* End PBXProject section */

/* Begin PBXResourcesBuildPhase section */
		198313DC236C98AD0074F343 /* Resources */ = {
			isa = PBXResourcesBuildPhase;
			buildActionMask = 2147483647;
			files = (
				198313EE236C98B50074F343 /* LaunchScreen.storyboard in Resources */,
				198313EB236C98B50074F343 /* Assets.xcassets in Resources */,
				198313E9236C98AD0074F343 /* Main.storyboard in Resources */,
			);
			runOnlyForDeploymentPostprocessing = 0;
		};
/* End PBXResourcesBuildPhase section */

/* Begin PBXSourcesBuildPhase section */
		198313DA236C98AD0074F343 /* Sources */ = {
			isa = PBXSourcesBuildPhase;
			buildActionMask = 2147483647;
			files = (
				198313E2236C98AD0074F343 /* AppDelegate.swift in Sources */,
				198313F6236C9A000074F343 /* TableViewController.swift in Sources */,
				1979D20223722A5400075600 /* ViewController.swift in Sources */,
				198313E4236C98AD0074F343 /* SceneDelegate.swift in Sources */,
			);
			runOnlyForDeploymentPostprocessing = 0;
		};
/* End PBXSourcesBuildPhase section */

/* Begin PBXVariantGroup section */
		198313E7236C98AD0074F343 /* Main.storyboard */ = {
			isa = PBXVariantGroup;
			children = (
				198313E8236C98AD0074F343 /* Base */,
			);
			name = Main.storyboard;
			sourceTree = "<group>";
		};
		198313EC236C98B50074F343 /* LaunchScreen.storyboard */ = {
			isa = PBXVariantGroup;
			children = (
				198313ED236C98B50074F343 /* Base */,
			);
			name = LaunchScreen.storyboard;
			sourceTree = "<group>";
		};
/* End PBXVariantGroup section */

/* Begin XCBuildConfiguration section */
		198313F0236C98B50074F343 /* Debug */ = {
			isa = XCBuildConfiguration;
			buildSettings = {
				ALWAYS_SEARCH_USER_PATHS = NO;
				CLANG_ANALYZER_NONNULL = YES;
				CLANG_ANALYZER_NUMBER_OBJECT_CONVERSION = YES_AGGRESSIVE;
				CLANG_CXX_LANGUAGE_STANDARD = "gnu++14";
				CLANG_CXX_LIBRARY = "libc++";
				CLANG_ENABLE_MODULES = YES;
				CLANG_ENABLE_OBJC_ARC = YES;
				CLANG_ENABLE_OBJC_WEAK = YES;
				CLANG_WARN_BLOCK_CAPTURE_AUTORELEASING = YES;
				CLANG_WARN_BOOL_CONVERSION = YES;
				CLANG_WARN_COMMA = YES;
				CLANG_WARN_CONSTANT_CONVERSION = YES;
				CLANG_WARN_DEPRECATED_OBJC_IMPLEMENTATIONS = YES;
				CLANG_WARN_DIRECT_OBJC_ISA_USAGE = YES_ERROR;
				CLANG_WARN_DOCUMENTATION_COMMENTS = YES;
				CLANG_WARN_EMPTY_BODY = YES;
				CLANG_WARN_ENUM_CONVERSION = YES;
				CLANG_WARN_INFINITE_RECURSION = YES;
				CLANG_WARN_INT_CONVERSION = YES;
				CLANG_WARN_NON_LITERAL_NULL_CONVERSION = YES;
				CLANG_WARN_OBJC_IMPLICIT_RETAIN_SELF = YES;
				CLANG_WARN_OBJC_LITERAL_CONVERSION = YES;
				CLANG_WARN_OBJC_ROOT_CLASS = YES_ERROR;
				CLANG_WARN_RANGE_LOOP_ANALYSIS = YES;
				CLANG_WARN_STRICT_PROTOTYPES = YES;
				CLANG_WARN_SUSPICIOUS_MOVE = YES;
				CLANG_WARN_UNGUARDED_AVAILABILITY = YES_AGGRESSIVE;
				CLANG_WARN_UNREACHABLE_CODE = YES;
				CLANG_WARN__DUPLICATE_METHOD_MATCH = YES;
				COPY_PHASE_STRIP = NO;
				DEBUG_INFORMATION_FORMAT = dwarf;
				ENABLE_STRICT_OBJC_MSGSEND = YES;
				ENABLE_TESTABILITY = YES;
				GCC_C_LANGUAGE_STANDARD = gnu11;
				GCC_DYNAMIC_NO_PIC = NO;
				GCC_NO_COMMON_BLOCKS = YES;
				GCC_OPTIMIZATION_LEVEL = 0;
				GCC_PREPROCESSOR_DEFINITIONS = (
					"DEBUG=1",
					"$(inherited)",
				);
				GCC_WARN_64_TO_32_BIT_CONVERSION = YES;
				GCC_WARN_ABOUT_RETURN_TYPE = YES_ERROR;
				GCC_WARN_UNDECLARED_SELECTOR = YES;
				GCC_WARN_UNINITIALIZED_AUTOS = YES_AGGRESSIVE;
				GCC_WARN_UNUSED_FUNCTION = YES;
				GCC_WARN_UNUSED_VARIABLE = YES;
				IPHONEOS_DEPLOYMENT_TARGET = 13.1;
				MTL_ENABLE_DEBUG_INFO = INCLUDE_SOURCE;
				MTL_FAST_MATH = YES;
				ONLY_ACTIVE_ARCH = YES;
				SDKROOT = iphoneos;
				SWIFT_ACTIVE_COMPILATION_CONDITIONS = DEBUG;
				SWIFT_OPTIMIZATION_LEVEL = "-Onone";
			};
			name = Debug;
		};
		198313F1236C98B50074F343 /* Release */ = {
			isa = XCBuildConfiguration;
			buildSettings = {
				ALWAYS_SEARCH_USER_PATHS = NO;
				CLANG_ANALYZER_NONNULL = YES;
				CLANG_ANALYZER_NUMBER_OBJECT_CONVERSION = YES_AGGRESSIVE;
				CLANG_CXX_LANGUAGE_STANDARD = "gnu++14";
				CLANG_CXX_LIBRARY = "libc++";
				CLANG_ENABLE_MODULES = YES;
				CLANG_ENABLE_OBJC_ARC = YES;
				CLANG_ENABLE_OBJC_WEAK = YES;
				CLANG_WARN_BLOCK_CAPTURE_AUTORELEASING = YES;
				CLANG_WARN_BOOL_CONVERSION = YES;
				CLANG_WARN_COMMA = YES;
				CLANG_WARN_CONSTANT_CONVERSION = YES;
				CLANG_WARN_DEPRECATED_OBJC_IMPLEMENTATIONS = YES;
				CLANG_WARN_DIRECT_OBJC_ISA_USAGE = YES_ERROR;
				CLANG_WARN_DOCUMENTATION_COMMENTS = YES;
				CLANG_WARN_EMPTY_BODY = YES;
				CLANG_WARN_ENUM_CONVERSION = YES;
				CLANG_WARN_INFINITE_RECURSION = YES;
				CLANG_WARN_INT_CONVERSION = YES;
				CLANG_WARN_NON_LITERAL_NULL_CONVERSION = YES;
				CLANG_WARN_OBJC_IMPLICIT_RETAIN_SELF = YES;
				CLANG_WARN_OBJC_LITERAL_CONVERSION = YES;
				CLANG_WARN_OBJC_ROOT_CLASS = YES_ERROR;
				CLANG_WARN_RANGE_LOOP_ANALYSIS = YES;
				CLANG_WARN_STRICT_PROTOTYPES = YES;
				CLANG_WARN_SUSPICIOUS_MOVE = YES;
				CLANG_WARN_UNGUARDED_AVAILABILITY = YES_AGGRESSIVE;
				CLANG_WARN_UNREACHABLE_CODE = YES;
				CLANG_WARN__DUPLICATE_METHOD_MATCH = YES;
				COPY_PHASE_STRIP = NO;
				DEBUG_INFORMATION_FORMAT = "dwarf-with-dsym";
				ENABLE_NS_ASSERTIONS = NO;
				ENABLE_STRICT_OBJC_MSGSEND = YES;
				GCC_C_LANGUAGE_STANDARD = gnu11;
				GCC_NO_COMMON_BLOCKS = YES;
				GCC_WARN_64_TO_32_BIT_CONVERSION = YES;
				GCC_WARN_ABOUT_RETURN_TYPE = YES_ERROR;
				GCC_WARN_UNDECLARED_SELECTOR = YES;
				GCC_WARN_UNINITIALIZED_AUTOS = YES_AGGRESSIVE;
				GCC_WARN_UNUSED_FUNCTION = YES;
				GCC_WARN_UNUSED_VARIABLE = YES;
				IPHONEOS_DEPLOYMENT_TARGET = 13.1;
				MTL_ENABLE_DEBUG_INFO = NO;
				MTL_FAST_MATH = YES;
				SDKROOT = iphoneos;
				SWIFT_COMPILATION_MODE = wholemodule;
				SWIFT_OPTIMIZATION_LEVEL = "-O";
				VALIDATE_PRODUCT = YES;
			};
			name = Release;
		};
		198313F3236C98B50074F343 /* Debug */ = {
			isa = XCBuildConfiguration;
			buildSettings = {
				ASSETCATALOG_COMPILER_APPICON_NAME = AppIcon;
				CODE_SIGN_STYLE = Automatic;
				DEVELOPMENT_TEAM = T2J9V7LV8B;
				INFOPLIST_FILE = xrdsDictionary/Info.plist;
				LD_RUNPATH_SEARCH_PATHS = (
					"$(inherited)",
					"@executable_path/Frameworks",
				);
				PRODUCT_BUNDLE_IDENTIFIER = com.helloThere.xrdsDictionary;
				PRODUCT_NAME = "$(TARGET_NAME)";
				SWIFT_VERSION = 5.0;
				TARGETED_DEVICE_FAMILY = "1,2";
			};
			name = Debug;
		};
		198313F4236C98B50074F343 /* Release */ = {
			isa = XCBuildConfiguration;
			buildSettings = {
				ASSETCATALOG_COMPILER_APPICON_NAME = AppIcon;
				CODE_SIGN_STYLE = Automatic;
				DEVELOPMENT_TEAM = T2J9V7LV8B;
				INFOPLIST_FILE = xrdsDictionary/Info.plist;
				LD_RUNPATH_SEARCH_PATHS = (
					"$(inherited)",
					"@executable_path/Frameworks",
				);
				PRODUCT_BUNDLE_IDENTIFIER = com.helloThere.xrdsDictionary;
				PRODUCT_NAME = "$(TARGET_NAME)";
				SWIFT_VERSION = 5.0;
				TARGETED_DEVICE_FAMILY = "1,2";
			};
			name = Release;
		};
/* End XCBuildConfiguration section */

/* Begin XCConfigurationList section */
		198313D9236C98AD0074F343 /* Build configuration list for PBXProject "xrdsDictionary" */ = {
			isa = XCConfigurationList;
			buildConfigurations = (
				198313F0236C98B50074F343 /* Debug */,
				198313F1236C98B50074F343 /* Release */,
			);
			defaultConfigurationIsVisible = 0;
			defaultConfigurationName = Release;
		};
		198313F2236C98B50074F343 /* Build configuration list for PBXNativeTarget "xrdsDictionary" */ = {
			isa = XCConfigurationList;
			buildConfigurations = (
				198313F3236C98B50074F343 /* Debug */,
				198313F4236C98B50074F343 /* Release */,
			);
			defaultConfigurationIsVisible = 0;
			defaultConfigurationName = Release;
		};
/* End XCConfigurationList section */
	};
	rootObject = 198313D6236C98AD0074F343 /* Project object */;
}
