// !$*UTF8*$!
{
	archiveVersion = 1;
	classes = {
	};
	objectVersion = 50;
	objects = {

/* Begin PBXBuildFile section */
		1990EFB923987F8E008C758E /* AppDelegate.swift in Sources */ = {isa = PBXBuildFile; fileRef = 1990EFB823987F8E008C758E /* AppDelegate.swift */; };
		1990EFBB23987F8E008C758E /* SceneDelegate.swift in Sources */ = {isa = PBXBuildFile; fileRef = 1990EFBA23987F8E008C758E /* SceneDelegate.swift */; };
		1990EFBD23987F8E008C758E /* ViewController.swift in Sources */ = {isa = PBXBuildFile; fileRef = 1990EFBC23987F8E008C758E /* ViewController.swift */; };
		1990EFC023987F8E008C758E /* Main.storyboard in Resources */ = {isa = PBXBuildFile; fileRef = 1990EFBE23987F8E008C758E /* Main.storyboard */; };
		1990EFC223987F91008C758E /* Assets.xcassets in Resources */ = {isa = PBXBuildFile; fileRef = 1990EFC123987F91008C758E /* Assets.xcassets */; };
		1990EFC523987F91008C758E /* LaunchScreen.storyboard in Resources */ = {isa = PBXBuildFile; fileRef = 1990EFC323987F91008C758E /* LaunchScreen.storyboard */; };
		1990EFCD239881A5008C758E /* data.json in Resources */ = {isa = PBXBuildFile; fileRef = 1990EFCC239881A4008C758E /* data.json */; };
/* End PBXBuildFile section */

/* Begin PBXFileReference section */
		1990EFB523987F8E008C758E /* jsonParse.app */ = {isa = PBXFileReference; explicitFileType = wrapper.application; includeInIndex = 0; path = jsonParse.app; sourceTree = BUILT_PRODUCTS_DIR; };
		1990EFB823987F8E008C758E /* AppDelegate.swift */ = {isa = PBXFileReference; lastKnownFileType = sourcecode.swift; path = AppDelegate.swift; sourceTree = "<group>"; };
		1990EFBA23987F8E008C758E /* SceneDelegate.swift */ = {isa = PBXFileReference; lastKnownFileType = sourcecode.swift; path = SceneDelegate.swift; sourceTree = "<group>"; };
		1990EFBC23987F8E008C758E /* ViewController.swift */ = {isa = PBXFileReference; lastKnownFileType = sourcecode.swift; path = ViewController.swift; sourceTree = "<group>"; };
		1990EFBF23987F8E008C758E /* Base */ = {isa = PBXFileReference; lastKnownFileType = file.storyboard; name = Base; path = Base.lproj/Main.storyboard; sourceTree = "<group>"; };
		1990EFC123987F91008C758E /* Assets.xcassets */ = {isa = PBXFileReference; lastKnownFileType = folder.assetcatalog; path = Assets.xcassets; sourceTree = "<group>"; };
		1990EFC423987F91008C758E /* Base */ = {isa = PBXFileReference; lastKnownFileType = file.storyboard; name = Base; path = Base.lproj/LaunchScreen.storyboard; sourceTree = "<group>"; };
		1990EFC623987F91008C758E /* Info.plist */ = {isa = PBXFileReference; lastKnownFileType = text.plist.xml; path = Info.plist; sourceTree = "<group>"; };
		1990EFCC239881A4008C758E /* data.json */ = {isa = PBXFileReference; lastKnownFileType = text.json; path = data.json; sourceTree = "<group>"; };
/* End PBXFileReference section */

/* Begin PBXFrameworksBuildPhase section */
		1990EFB223987F8E008C758E /* Frameworks */ = {
			isa = PBXFrameworksBuildPhase;
			buildActionMask = 2147483647;
			files = (
			);
			runOnlyForDeploymentPostprocessing = 0;
		};
/* End PBXFrameworksBuildPhase section */

/* Begin PBXGroup section */
		1990EFAC23987F8E008C758E = {
			isa = PBXGroup;
			children = (
				1990EFB723987F8E008C758E /* jsonParse */,
				1990EFB623987F8E008C758E /* Products */,
			);
			sourceTree = "<group>";
		};
		1990EFB623987F8E008C758E /* Products */ = {
			isa = PBXGroup;
			children = (
				1990EFB523987F8E008C758E /* jsonParse.app */,
			);
			name = Products;
			sourceTree = "<group>";
		};
		1990EFB723987F8E008C758E /* jsonParse */ = {
			isa = PBXGroup;
			children = (
				1990EFB823987F8E008C758E /* AppDelegate.swift */,
				1990EFBA23987F8E008C758E /* SceneDelegate.swift */,
				1990EFBC23987F8E008C758E /* ViewController.swift */,
				1990EFBE23987F8E008C758E /* Main.storyboard */,
				1990EFCC239881A4008C758E /* data.json */,
				1990EFC123987F91008C758E /* Assets.xcassets */,
				1990EFC323987F91008C758E /* LaunchScreen.storyboard */,
				1990EFC623987F91008C758E /* Info.plist */,
			);
			path = jsonParse;
			sourceTree = "<group>";
		};
/* End PBXGroup section */

/* Begin PBXNativeTarget section */
		1990EFB423987F8E008C758E /* jsonParse */ = {
			isa = PBXNativeTarget;
			buildConfigurationList = 1990EFC923987F91008C758E /* Build configuration list for PBXNativeTarget "jsonParse" */;
			buildPhases = (
				1990EFB123987F8E008C758E /* Sources */,
				1990EFB223987F8E008C758E /* Frameworks */,
				1990EFB323987F8E008C758E /* Resources */,
			);
			buildRules = (
			);
			dependencies = (
			);
			name = jsonParse;
			productName = jsonParse;
			productReference = 1990EFB523987F8E008C758E /* jsonParse.app */;
			productType = "com.apple.product-type.application";
		};
/* End PBXNativeTarget section */

/* Begin PBXProject section */
		1990EFAD23987F8E008C758E /* Project object */ = {
			isa = PBXProject;
			attributes = {
				LastSwiftUpdateCheck = 1120;
				LastUpgradeCheck = 1120;
				ORGANIZATIONNAME = "Ezra Barber";
				TargetAttributes = {
					1990EFB423987F8E008C758E = {
						CreatedOnToolsVersion = 11.2.1;
					};
				};
			};
			buildConfigurationList = 1990EFB023987F8E008C758E /* Build configuration list for PBXProject "jsonParse" */;
			compatibilityVersion = "Xcode 9.3";
			developmentRegion = en;
			hasScannedForEncodings = 0;
			knownRegions = (
				en,
				Base,
			);
			mainGroup = 1990EFAC23987F8E008C758E;
			productRefGroup = 1990EFB623987F8E008C758E /* Products */;
			projectDirPath = "";
			projectRoot = "";
			targets = (
				1990EFB423987F8E008C758E /* jsonParse */,
			);
		};
/* End PBXProject section */

/* Begin PBXResourcesBuildPhase section */
		1990EFB323987F8E008C758E /* Resources */ = {
			isa = PBXResourcesBuildPhase;
			buildActionMask = 2147483647;
			files = (
				1990EFC523987F91008C758E /* LaunchScreen.storyboard in Resources */,
				1990EFC223987F91008C758E /* Assets.xcassets in Resources */,
				1990EFC023987F8E008C758E /* Main.storyboard in Resources */,
				1990EFCD239881A5008C758E /* data.json in Resources */,
			);
			runOnlyForDeploymentPostprocessing = 0;
		};
/* End PBXResourcesBuildPhase section */

/* Begin PBXSourcesBuildPhase section */
		1990EFB123987F8E008C758E /* Sources */ = {
			isa = PBXSourcesBuildPhase;
			buildActionMask = 2147483647;
			files = (
				1990EFBD23987F8E008C758E /* ViewController.swift in Sources */,
				1990EFB923987F8E008C758E /* AppDelegate.swift in Sources */,
				1990EFBB23987F8E008C758E /* SceneDelegate.swift in Sources */,
			);
			runOnlyForDeploymentPostprocessing = 0;
		};
/* End PBXSourcesBuildPhase section */

/* Begin PBXVariantGroup section */
		1990EFBE23987F8E008C758E /* Main.storyboard */ = {
			isa = PBXVariantGroup;
			children = (
				1990EFBF23987F8E008C758E /* Base */,
			);
			name = Main.storyboard;
			sourceTree = "<group>";
		};
		1990EFC323987F91008C758E /* LaunchScreen.storyboard */ = {
			isa = PBXVariantGroup;
			children = (
				1990EFC423987F91008C758E /* Base */,
			);
			name = LaunchScreen.storyboard;
			sourceTree = "<group>";
		};
/* End PBXVariantGroup section */

/* Begin XCBuildConfiguration section */
		1990EFC723987F91008C758E /* Debug */ = {
			isa = XCBuildConfiguration;
			buildSettings = {
				ALWAYS_SEARCH_USER_PATHS = NO;
				CLANG_ANALYZER_NONNULL = YES;
				CLANG_ANALYZER_NUMBER_OBJECT_CONVERSION = YES_AGGRESSIVE;
				CLANG_CXX_LANGUAGE_STANDARD = "gnu++14";
				CLANG_CXX_LIBRARY = "libc++";
				CLANG_ENABLE_MODULES = YES;
				CLANG_ENABLE_OBJC_ARC = YES;
				CLANG_ENABLE_OBJC_WEAK = YES;
				CLANG_WARN_BLOCK_CAPTURE_AUTORELEASING = YES;
				CLANG_WARN_BOOL_CONVERSION = YES;
				CLANG_WARN_COMMA = YES;
				CLANG_WARN_CONSTANT_CONVERSION = YES;
				CLANG_WARN_DEPRECATED_OBJC_IMPLEMENTATIONS = YES;
				CLANG_WARN_DIRECT_OBJC_ISA_USAGE = YES_ERROR;
				CLANG_WARN_DOCUMENTATION_COMMENTS = YES;
				CLANG_WARN_EMPTY_BODY = YES;
				CLANG_WARN_ENUM_CONVERSION = YES;
				CLANG_WARN_INFINITE_RECURSION = YES;
				CLANG_WARN_INT_CONVERSION = YES;
				CLANG_WARN_NON_LITERAL_NULL_CONVERSION = YES;
				CLANG_WARN_OBJC_IMPLICIT_RETAIN_SELF = YES;
				CLANG_WARN_OBJC_LITERAL_CONVERSION = YES;
				CLANG_WARN_OBJC_ROOT_CLASS = YES_ERROR;
				CLANG_WARN_RANGE_LOOP_ANALYSIS = YES;
				CLANG_WARN_STRICT_PROTOTYPES = YES;
				CLANG_WARN_SUSPICIOUS_MOVE = YES;
				CLANG_WARN_UNGUARDED_AVAILABILITY = YES_AGGRESSIVE;
				CLANG_WARN_UNREACHABLE_CODE = YES;
				CLANG_WARN__DUPLICATE_METHOD_MATCH = YES;
				COPY_PHASE_STRIP = NO;
				DEBUG_INFORMATION_FORMAT = dwarf;
				ENABLE_STRICT_OBJC_MSGSEND = YES;
				ENABLE_TESTABILITY = YES;
				GCC_C_LANGUAGE_STANDARD = gnu11;
				GCC_DYNAMIC_NO_PIC = NO;
				GCC_NO_COMMON_BLOCKS = YES;
				GCC_OPTIMIZATION_LEVEL = 0;
				GCC_PREPROCESSOR_DEFINITIONS = (
					"DEBUG=1",
					"$(inherited)",
				);
				GCC_WARN_64_TO_32_BIT_CONVERSION = YES;
				GCC_WARN_ABOUT_RETURN_TYPE = YES_ERROR;
				GCC_WARN_UNDECLARED_SELECTOR = YES;
				GCC_WARN_UNINITIALIZED_AUTOS = YES_AGGRESSIVE;
				GCC_WARN_UNUSED_FUNCTION = YES;
				GCC_WARN_UNUSED_VARIABLE = YES;
				IPHONEOS_DEPLOYMENT_TARGET = 13.2;
				MTL_ENABLE_DEBUG_INFO = INCLUDE_SOURCE;
				MTL_FAST_MATH = YES;
				ONLY_ACTIVE_ARCH = YES;
				SDKROOT = iphoneos;
				SWIFT_ACTIVE_COMPILATION_CONDITIONS = DEBUG;
				SWIFT_OPTIMIZATION_LEVEL = "-Onone";
			};
			name = Debug;
		};
		1990EFC823987F91008C758E /* Release */ = {
			isa = XCBuildConfiguration;
			buildSettings = {
				ALWAYS_SEARCH_USER_PATHS = NO;
				CLANG_ANALYZER_NONNULL = YES;
				CLANG_ANALYZER_NUMBER_OBJECT_CONVERSION = YES_AGGRESSIVE;
				CLANG_CXX_LANGUAGE_STANDARD = "gnu++14";
				CLANG_CXX_LIBRARY = "libc++";
				CLANG_ENABLE_MODULES = YES;
				CLANG_ENABLE_OBJC_ARC = YES;
				CLANG_ENABLE_OBJC_WEAK = YES;
				CLANG_WARN_BLOCK_CAPTURE_AUTORELEASING = YES;
				CLANG_WARN_BOOL_CONVERSION = YES;
				CLANG_WARN_COMMA = YES;
				CLANG_WARN_CONSTANT_CONVERSION = YES;
				CLANG_WARN_DEPRECATED_OBJC_IMPLEMENTATIONS = YES;
				CLANG_WARN_DIRECT_OBJC_ISA_USAGE = YES_ERROR;
				CLANG_WARN_DOCUMENTATION_COMMENTS = YES;
				CLANG_WARN_EMPTY_BODY = YES;
				CLANG_WARN_ENUM_CONVERSION = YES;
				CLANG_WARN_INFINITE_RECURSION = YES;
				CLANG_WARN_INT_CONVERSION = YES;
				CLANG_WARN_NON_LITERAL_NULL_CONVERSION = YES;
				CLANG_WARN_OBJC_IMPLICIT_RETAIN_SELF = YES;
				CLANG_WARN_OBJC_LITERAL_CONVERSION = YES;
				CLANG_WARN_OBJC_ROOT_CLASS = YES_ERROR;
				CLANG_WARN_RANGE_LOOP_ANALYSIS = YES;
				CLANG_WARN_STRICT_PROTOTYPES = YES;
				CLANG_WARN_SUSPICIOUS_MOVE = YES;
				CLANG_WARN_UNGUARDED_AVAILABILITY = YES_AGGRESSIVE;
				CLANG_WARN_UNREACHABLE_CODE = YES;
				CLANG_WARN__DUPLICATE_METHOD_MATCH = YES;
				COPY_PHASE_STRIP = NO;
				DEBUG_INFORMATION_FORMAT = "dwarf-with-dsym";
				ENABLE_NS_ASSERTIONS = NO;
				ENABLE_STRICT_OBJC_MSGSEND = YES;
				GCC_C_LANGUAGE_STANDARD = gnu11;
				GCC_NO_COMMON_BLOCKS = YES;
				GCC_WARN_64_TO_32_BIT_CONVERSION = YES;
				GCC_WARN_ABOUT_RETURN_TYPE = YES_ERROR;
				GCC_WARN_UNDECLARED_SELECTOR = YES;
				GCC_WARN_UNINITIALIZED_AUTOS = YES_AGGRESSIVE;
				GCC_WARN_UNUSED_FUNCTION = YES;
				GCC_WARN_UNUSED_VARIABLE = YES;
				IPHONEOS_DEPLOYMENT_TARGET = 13.2;
				MTL_ENABLE_DEBUG_INFO = NO;
				MTL_FAST_MATH = YES;
				SDKROOT = iphoneos;
				SWIFT_COMPILATION_MODE = wholemodule;
				SWIFT_OPTIMIZATION_LEVEL = "-O";
				VALIDATE_PRODUCT = YES;
			};
			name = Release;
		};
		1990EFCA23987F91008C758E /* Debug */ = {
			isa = XCBuildConfiguration;
			buildSettings = {
				ASSETCATALOG_COMPILER_APPICON_NAME = AppIcon;
				CODE_SIGN_STYLE = Automatic;
				DEVELOPMENT_TEAM = T2J9V7LV8B;
				INFOPLIST_FILE = jsonParse/Info.plist;
				LD_RUNPATH_SEARCH_PATHS = (
					"$(inherited)",
					"@executable_path/Frameworks",
				);
				PRODUCT_BUNDLE_IDENTIFIER = com.helloThere.jsonParse;
				PRODUCT_NAME = "$(TARGET_NAME)";
				SWIFT_VERSION = 5.0;
				TARGETED_DEVICE_FAMILY = "1,2";
			};
			name = Debug;
		};
		1990EFCB23987F91008C758E /* Release */ = {
			isa = XCBuildConfiguration;
			buildSettings = {
				ASSETCATALOG_COMPILER_APPICON_NAME = AppIcon;
				CODE_SIGN_STYLE = Automatic;
				DEVELOPMENT_TEAM = T2J9V7LV8B;
				INFOPLIST_FILE = jsonParse/Info.plist;
				LD_RUNPATH_SEARCH_PATHS = (
					"$(inherited)",
					"@executable_path/Frameworks",
				);
				PRODUCT_BUNDLE_IDENTIFIER = com.helloThere.jsonParse;
				PRODUCT_NAME = "$(TARGET_NAME)";
				SWIFT_VERSION = 5.0;
				TARGETED_DEVICE_FAMILY = "1,2";
			};
			name = Release;
		};
/* End XCBuildConfiguration section */

/* Begin XCConfigurationList section */
		1990EFB023987F8E008C758E /* Build configuration list for PBXProject "jsonParse" */ = {
			isa = XCConfigurationList;
			buildConfigurations = (
				1990EFC723987F91008C758E /* Debug */,
				1990EFC823987F91008C758E /* Release */,
			);
			defaultConfigurationIsVisible = 0;
			defaultConfigurationName = Release;
		};
		1990EFC923987F91008C758E /* Build configuration list for PBXNativeTarget "jsonParse" */ = {
			isa = XCConfigurationList;
			buildConfigurations = (
				1990EFCA23987F91008C758E /* Debug */,
				1990EFCB23987F91008C758E /* Release */,
			);
			defaultConfigurationIsVisible = 0;
			defaultConfigurationName = Release;
		};
/* End XCConfigurationList section */
	};
	rootObject = 1990EFAD23987F8E008C758E /* Project object */;
}
