// !$*UTF8*$!
{
	archiveVersion = 1;
	classes = {
	};
	objectVersion = 50;
	objects = {

/* Begin PBXBuildFile section */
		19ACD64C23F47413008133B5 /* AppDelegate.swift in Sources */ = {isa = PBXBuildFile; fileRef = 19ACD64B23F47413008133B5 /* AppDelegate.swift */; };
		19ACD64E23F47413008133B5 /* SceneDelegate.swift in Sources */ = {isa = PBXBuildFile; fileRef = 19ACD64D23F47413008133B5 /* SceneDelegate.swift */; };
		19ACD65023F47413008133B5 /* ViewController.swift in Sources */ = {isa = PBXBuildFile; fileRef = 19ACD64F23F47413008133B5 /* ViewController.swift */; };
		19ACD65323F47413008133B5 /* Main.storyboard in Resources */ = {isa = PBXBuildFile; fileRef = 19ACD65123F47413008133B5 /* Main.storyboard */; };
		19ACD65523F47417008133B5 /* Assets.xcassets in Resources */ = {isa = PBXBuildFile; fileRef = 19ACD65423F47417008133B5 /* Assets.xcassets */; };
		19ACD65823F47417008133B5 /* LaunchScreen.storyboard in Resources */ = {isa = PBXBuildFile; fileRef = 19ACD65623F47417008133B5 /* LaunchScreen.storyboard */; };
		19ACD66023F4766F008133B5 /* ButtonViewController.swift in Sources */ = {isa = PBXBuildFile; fileRef = 19ACD65F23F4766F008133B5 /* ButtonViewController.swift */; };
		19ACD66223F47705008133B5 /* namedButton.swift in Sources */ = {isa = PBXBuildFile; fileRef = 19ACD66123F47705008133B5 /* namedButton.swift */; };
/* End PBXBuildFile section */

/* Begin PBXFileReference section */
		19ACD64823F47413008133B5 /* number guessing game final.app */ = {isa = PBXFileReference; explicitFileType = wrapper.application; includeInIndex = 0; path = "number guessing game final.app"; sourceTree = BUILT_PRODUCTS_DIR; };
		19ACD64B23F47413008133B5 /* AppDelegate.swift */ = {isa = PBXFileReference; lastKnownFileType = sourcecode.swift; path = AppDelegate.swift; sourceTree = "<group>"; };
		19ACD64D23F47413008133B5 /* SceneDelegate.swift */ = {isa = PBXFileReference; lastKnownFileType = sourcecode.swift; path = SceneDelegate.swift; sourceTree = "<group>"; };
		19ACD64F23F47413008133B5 /* ViewController.swift */ = {isa = PBXFileReference; lastKnownFileType = sourcecode.swift; path = ViewController.swift; sourceTree = "<group>"; };
		19ACD65223F47413008133B5 /* Base */ = {isa = PBXFileReference; lastKnownFileType = file.storyboard; name = Base; path = Base.lproj/Main.storyboard; sourceTree = "<group>"; };
		19ACD65423F47417008133B5 /* Assets.xcassets */ = {isa = PBXFileReference; lastKnownFileType = folder.assetcatalog; path = Assets.xcassets; sourceTree = "<group>"; };
		19ACD65723F47417008133B5 /* Base */ = {isa = PBXFileReference; lastKnownFileType = file.storyboard; name = Base; path = Base.lproj/LaunchScreen.storyboard; sourceTree = "<group>"; };
		19ACD65923F47417008133B5 /* Info.plist */ = {isa = PBXFileReference; lastKnownFileType = text.plist.xml; path = Info.plist; sourceTree = "<group>"; };
		19ACD65F23F4766F008133B5 /* ButtonViewController.swift */ = {isa = PBXFileReference; lastKnownFileType = sourcecode.swift; path = ButtonViewController.swift; sourceTree = "<group>"; };
		19ACD66123F47705008133B5 /* namedButton.swift */ = {isa = PBXFileReference; lastKnownFileType = sourcecode.swift; path = namedButton.swift; sourceTree = "<group>"; };
/* End PBXFileReference section */

/* Begin PBXFrameworksBuildPhase section */
		19ACD64523F47413008133B5 /* Frameworks */ = {
			isa = PBXFrameworksBuildPhase;
			buildActionMask = 2147483647;
			files = (
			);
			runOnlyForDeploymentPostprocessing = 0;
		};
/* End PBXFrameworksBuildPhase section */

/* Begin PBXGroup section */
		19ACD63F23F47413008133B5 = {
			isa = PBXGroup;
			children = (
				19ACD64A23F47413008133B5 /* number guessing game final */,
				19ACD64923F47413008133B5 /* Products */,
			);
			sourceTree = "<group>";
		};
		19ACD64923F47413008133B5 /* Products */ = {
			isa = PBXGroup;
			children = (
				19ACD64823F47413008133B5 /* number guessing game final.app */,
			);
			name = Products;
			sourceTree = "<group>";
		};
		19ACD64A23F47413008133B5 /* number guessing game final */ = {
			isa = PBXGroup;
			children = (
				19ACD64B23F47413008133B5 /* AppDelegate.swift */,
				19ACD64D23F47413008133B5 /* SceneDelegate.swift */,
				19ACD64F23F47413008133B5 /* ViewController.swift */,
				19ACD66123F47705008133B5 /* namedButton.swift */,
				19ACD65F23F4766F008133B5 /* ButtonViewController.swift */,
				19ACD65123F47413008133B5 /* Main.storyboard */,
				19ACD65423F47417008133B5 /* Assets.xcassets */,
				19ACD65623F47417008133B5 /* LaunchScreen.storyboard */,
				19ACD65923F47417008133B5 /* Info.plist */,
			);
			path = "number guessing game final";
			sourceTree = "<group>";
		};
/* End PBXGroup section */

/* Begin PBXNativeTarget section */
		19ACD64723F47413008133B5 /* number guessing game final */ = {
			isa = PBXNativeTarget;
			buildConfigurationList = 19ACD65C23F47417008133B5 /* Build configuration list for PBXNativeTarget "number guessing game final" */;
			buildPhases = (
				19ACD64423F47413008133B5 /* Sources */,
				19ACD64523F47413008133B5 /* Frameworks */,
				19ACD64623F47413008133B5 /* Resources */,
			);
			buildRules = (
			);
			dependencies = (
			);
			name = "number guessing game final";
			productName = "number guessing game final";
			productReference = 19ACD64823F47413008133B5 /* number guessing game final.app */;
			productType = "com.apple.product-type.application";
		};
/* End PBXNativeTarget section */

/* Begin PBXProject section */
		19ACD64023F47413008133B5 /* Project object */ = {
			isa = PBXProject;
			attributes = {
				LastSwiftUpdateCheck = 1130;
				LastUpgradeCheck = 1130;
				ORGANIZATIONNAME = "Ezra Barber";
				TargetAttributes = {
					19ACD64723F47413008133B5 = {
						CreatedOnToolsVersion = 11.3.1;
					};
				};
			};
			buildConfigurationList = 19ACD64323F47413008133B5 /* Build configuration list for PBXProject "number guessing game final" */;
			compatibilityVersion = "Xcode 9.3";
			developmentRegion = en;
			hasScannedForEncodings = 0;
			knownRegions = (
				en,
				Base,
			);
			mainGroup = 19ACD63F23F47413008133B5;
			productRefGroup = 19ACD64923F47413008133B5 /* Products */;
			projectDirPath = "";
			projectRoot = "";
			targets = (
				19ACD64723F47413008133B5 /* number guessing game final */,
			);
		};
/* End PBXProject section */

/* Begin PBXResourcesBuildPhase section */
		19ACD64623F47413008133B5 /* Resources */ = {
			isa = PBXResourcesBuildPhase;
			buildActionMask = 2147483647;
			files = (
				19ACD65823F47417008133B5 /* LaunchScreen.storyboard in Resources */,
				19ACD65523F47417008133B5 /* Assets.xcassets in Resources */,
				19ACD65323F47413008133B5 /* Main.storyboard in Resources */,
			);
			runOnlyForDeploymentPostprocessing = 0;
		};
/* End PBXResourcesBuildPhase section */

/* Begin PBXSourcesBuildPhase section */
		19ACD64423F47413008133B5 /* Sources */ = {
			isa = PBXSourcesBuildPhase;
			buildActionMask = 2147483647;
			files = (
				19ACD66023F4766F008133B5 /* ButtonViewController.swift in Sources */,
				19ACD66223F47705008133B5 /* namedButton.swift in Sources */,
				19ACD65023F47413008133B5 /* ViewController.swift in Sources */,
				19ACD64C23F47413008133B5 /* AppDelegate.swift in Sources */,
				19ACD64E23F47413008133B5 /* SceneDelegate.swift in Sources */,
			);
			runOnlyForDeploymentPostprocessing = 0;
		};
/* End PBXSourcesBuildPhase section */

/* Begin PBXVariantGroup section */
		19ACD65123F47413008133B5 /* Main.storyboard */ = {
			isa = PBXVariantGroup;
			children = (
				19ACD65223F47413008133B5 /* Base */,
			);
			name = Main.storyboard;
			sourceTree = "<group>";
		};
		19ACD65623F47417008133B5 /* LaunchScreen.storyboard */ = {
			isa = PBXVariantGroup;
			children = (
				19ACD65723F47417008133B5 /* Base */,
			);
			name = LaunchScreen.storyboard;
			sourceTree = "<group>";
		};
/* End PBXVariantGroup section */

/* Begin XCBuildConfiguration section */
		19ACD65A23F47417008133B5 /* Debug */ = {
			isa = XCBuildConfiguration;
			buildSettings = {
				ALWAYS_SEARCH_USER_PATHS = NO;
				CLANG_ANALYZER_NONNULL = YES;
				CLANG_ANALYZER_NUMBER_OBJECT_CONVERSION = YES_AGGRESSIVE;
				CLANG_CXX_LANGUAGE_STANDARD = "gnu++14";
				CLANG_CXX_LIBRARY = "libc++";
				CLANG_ENABLE_MODULES = YES;
				CLANG_ENABLE_OBJC_ARC = YES;
				CLANG_ENABLE_OBJC_WEAK = YES;
				CLANG_WARN_BLOCK_CAPTURE_AUTORELEASING = YES;
				CLANG_WARN_BOOL_CONVERSION = YES;
				CLANG_WARN_COMMA = YES;
				CLANG_WARN_CONSTANT_CONVERSION = YES;
				CLANG_WARN_DEPRECATED_OBJC_IMPLEMENTATIONS = YES;
				CLANG_WARN_DIRECT_OBJC_ISA_USAGE = YES_ERROR;
				CLANG_WARN_DOCUMENTATION_COMMENTS = YES;
				CLANG_WARN_EMPTY_BODY = YES;
				CLANG_WARN_ENUM_CONVERSION = YES;
				CLANG_WARN_INFINITE_RECURSION = YES;
				CLANG_WARN_INT_CONVERSION = YES;
				CLANG_WARN_NON_LITERAL_NULL_CONVERSION = YES;
				CLANG_WARN_OBJC_IMPLICIT_RETAIN_SELF = YES;
				CLANG_WARN_OBJC_LITERAL_CONVERSION = YES;
				CLANG_WARN_OBJC_ROOT_CLASS = YES_ERROR;
				CLANG_WARN_RANGE_LOOP_ANALYSIS = YES;
				CLANG_WARN_STRICT_PROTOTYPES = YES;
				CLANG_WARN_SUSPICIOUS_MOVE = YES;
				CLANG_WARN_UNGUARDED_AVAILABILITY = YES_AGGRESSIVE;
				CLANG_WARN_UNREACHABLE_CODE = YES;
				CLANG_WARN__DUPLICATE_METHOD_MATCH = YES;
				COPY_PHASE_STRIP = NO;
				DEBUG_INFORMATION_FORMAT = dwarf;
				ENABLE_STRICT_OBJC_MSGSEND = YES;
				ENABLE_TESTABILITY = YES;
				GCC_C_LANGUAGE_STANDARD = gnu11;
				GCC_DYNAMIC_NO_PIC = NO;
				GCC_NO_COMMON_BLOCKS = YES;
				GCC_OPTIMIZATION_LEVEL = 0;
				GCC_PREPROCESSOR_DEFINITIONS = (
					"DEBUG=1",
					"$(inherited)",
				);
				GCC_WARN_64_TO_32_BIT_CONVERSION = YES;
				GCC_WARN_ABOUT_RETURN_TYPE = YES_ERROR;
				GCC_WARN_UNDECLARED_SELECTOR = YES;
				GCC_WARN_UNINITIALIZED_AUTOS = YES_AGGRESSIVE;
				GCC_WARN_UNUSED_FUNCTION = YES;
				GCC_WARN_UNUSED_VARIABLE = YES;
				IPHONEOS_DEPLOYMENT_TARGET = 13.2;
				MTL_ENABLE_DEBUG_INFO = INCLUDE_SOURCE;
				MTL_FAST_MATH = YES;
				ONLY_ACTIVE_ARCH = YES;
				SDKROOT = iphoneos;
				SWIFT_ACTIVE_COMPILATION_CONDITIONS = DEBUG;
				SWIFT_OPTIMIZATION_LEVEL = "-Onone";
			};
			name = Debug;
		};
		19ACD65B23F47417008133B5 /* Release */ = {
			isa = XCBuildConfiguration;
			buildSettings = {
				ALWAYS_SEARCH_USER_PATHS = NO;
				CLANG_ANALYZER_NONNULL = YES;
				CLANG_ANALYZER_NUMBER_OBJECT_CONVERSION = YES_AGGRESSIVE;
				CLANG_CXX_LANGUAGE_STANDARD = "gnu++14";
				CLANG_CXX_LIBRARY = "libc++";
				CLANG_ENABLE_MODULES = YES;
				CLANG_ENABLE_OBJC_ARC = YES;
				CLANG_ENABLE_OBJC_WEAK = YES;
				CLANG_WARN_BLOCK_CAPTURE_AUTORELEASING = YES;
				CLANG_WARN_BOOL_CONVERSION = YES;
				CLANG_WARN_COMMA = YES;
				CLANG_WARN_CONSTANT_CONVERSION = YES;
				CLANG_WARN_DEPRECATED_OBJC_IMPLEMENTATIONS = YES;
				CLANG_WARN_DIRECT_OBJC_ISA_USAGE = YES_ERROR;
				CLANG_WARN_DOCUMENTATION_COMMENTS = YES;
				CLANG_WARN_EMPTY_BODY = YES;
				CLANG_WARN_ENUM_CONVERSION = YES;
				CLANG_WARN_INFINITE_RECURSION = YES;
				CLANG_WARN_INT_CONVERSION = YES;
				CLANG_WARN_NON_LITERAL_NULL_CONVERSION = YES;
				CLANG_WARN_OBJC_IMPLICIT_RETAIN_SELF = YES;
				CLANG_WARN_OBJC_LITERAL_CONVERSION = YES;
				CLANG_WARN_OBJC_ROOT_CLASS = YES_ERROR;
				CLANG_WARN_RANGE_LOOP_ANALYSIS = YES;
				CLANG_WARN_STRICT_PROTOTYPES = YES;
				CLANG_WARN_SUSPICIOUS_MOVE = YES;
				CLANG_WARN_UNGUARDED_AVAILABILITY = YES_AGGRESSIVE;
				CLANG_WARN_UNREACHABLE_CODE = YES;
				CLANG_WARN__DUPLICATE_METHOD_MATCH = YES;
				COPY_PHASE_STRIP = NO;
				DEBUG_INFORMATION_FORMAT = "dwarf-with-dsym";
				ENABLE_NS_ASSERTIONS = NO;
				ENABLE_STRICT_OBJC_MSGSEND = YES;
				GCC_C_LANGUAGE_STANDARD = gnu11;
				GCC_NO_COMMON_BLOCKS = YES;
				GCC_WARN_64_TO_32_BIT_CONVERSION = YES;
				GCC_WARN_ABOUT_RETURN_TYPE = YES_ERROR;
				GCC_WARN_UNDECLARED_SELECTOR = YES;
				GCC_WARN_UNINITIALIZED_AUTOS = YES_AGGRESSIVE;
				GCC_WARN_UNUSED_FUNCTION = YES;
				GCC_WARN_UNUSED_VARIABLE = YES;
				IPHONEOS_DEPLOYMENT_TARGET = 13.2;
				MTL_ENABLE_DEBUG_INFO = NO;
				MTL_FAST_MATH = YES;
				SDKROOT = iphoneos;
				SWIFT_COMPILATION_MODE = wholemodule;
				SWIFT_OPTIMIZATION_LEVEL = "-O";
				VALIDATE_PRODUCT = YES;
			};
			name = Release;
		};
		19ACD65D23F47417008133B5 /* Debug */ = {
			isa = XCBuildConfiguration;
			buildSettings = {
				ASSETCATALOG_COMPILER_APPICON_NAME = AppIcon;
				CODE_SIGN_STYLE = Automatic;
				DEVELOPMENT_TEAM = T2J9V7LV8B;
				INFOPLIST_FILE = "number guessing game final/Info.plist";
				LD_RUNPATH_SEARCH_PATHS = (
					"$(inherited)",
					"@executable_path/Frameworks",
				);
				PRODUCT_BUNDLE_IDENTIFIER = "com.helloThere.number-guessing-game-final";
				PRODUCT_NAME = "$(TARGET_NAME)";
				SWIFT_VERSION = 5.0;
				TARGETED_DEVICE_FAMILY = "1,2";
			};
			name = Debug;
		};
		19ACD65E23F47417008133B5 /* Release */ = {
			isa = XCBuildConfiguration;
			buildSettings = {
				ASSETCATALOG_COMPILER_APPICON_NAME = AppIcon;
				CODE_SIGN_STYLE = Automatic;
				DEVELOPMENT_TEAM = T2J9V7LV8B;
				INFOPLIST_FILE = "number guessing game final/Info.plist";
				LD_RUNPATH_SEARCH_PATHS = (
					"$(inherited)",
					"@executable_path/Frameworks",
				);
				PRODUCT_BUNDLE_IDENTIFIER = "com.helloThere.number-guessing-game-final";
				PRODUCT_NAME = "$(TARGET_NAME)";
				SWIFT_VERSION = 5.0;
				TARGETED_DEVICE_FAMILY = "1,2";
			};
			name = Release;
		};
/* End XCBuildConfiguration section */

/* Begin XCConfigurationList section */
		19ACD64323F47413008133B5 /* Build configuration list for PBXProject "number guessing game final" */ = {
			isa = XCConfigurationList;
			buildConfigurations = (
				19ACD65A23F47417008133B5 /* Debug */,
				19ACD65B23F47417008133B5 /* Release */,
			);
			defaultConfigurationIsVisible = 0;
			defaultConfigurationName = Release;
		};
		19ACD65C23F47417008133B5 /* Build configuration list for PBXNativeTarget "number guessing game final" */ = {
			isa = XCConfigurationList;
			buildConfigurations = (
				19ACD65D23F47417008133B5 /* Debug */,
				19ACD65E23F47417008133B5 /* Release */,
			);
			defaultConfigurationIsVisible = 0;
			defaultConfigurationName = Release;
		};
/* End XCConfigurationList section */
	};
	rootObject = 19ACD64023F47413008133B5 /* Project object */;
}
