// !$*UTF8*$!
{
	archiveVersion = 1;
	classes = {
	};
	objectVersion = 50;
	objects = {

/* Begin PBXBuildFile section */
		19EA83C12375D10B00E9E527 /* AppDelegate.swift in Sources */ = {isa = PBXBuildFile; fileRef = 19EA83C02375D10B00E9E527 /* AppDelegate.swift */; };
		19EA83C32375D10B00E9E527 /* SceneDelegate.swift in Sources */ = {isa = PBXBuildFile; fileRef = 19EA83C22375D10B00E9E527 /* SceneDelegate.swift */; };
		19EA83C82375D10B00E9E527 /* Main.storyboard in Resources */ = {isa = PBXBuildFile; fileRef = 19EA83C62375D10B00E9E527 /* Main.storyboard */; };
		19EA83CA2375D10D00E9E527 /* Assets.xcassets in Resources */ = {isa = PBXBuildFile; fileRef = 19EA83C92375D10D00E9E527 /* Assets.xcassets */; };
		19EA83CD2375D10D00E9E527 /* LaunchScreen.storyboard in Resources */ = {isa = PBXBuildFile; fileRef = 19EA83CB2375D10D00E9E527 /* LaunchScreen.storyboard */; };
		19EA83D52375D18B00E9E527 /* TableViewController.swift in Sources */ = {isa = PBXBuildFile; fileRef = 19EA83D42375D18B00E9E527 /* TableViewController.swift */; };
		19EA83D72375D1B600E9E527 /* ViewController.swift in Sources */ = {isa = PBXBuildFile; fileRef = 19EA83D62375D1B600E9E527 /* ViewController.swift */; };
/* End PBXBuildFile section */

/* Begin PBXFileReference section */
		19EA83BD2375D10B00E9E527 /* boats.x.app */ = {isa = PBXFileReference; explicitFileType = wrapper.application; includeInIndex = 0; path = boats.x.app; sourceTree = BUILT_PRODUCTS_DIR; };
		19EA83C02375D10B00E9E527 /* AppDelegate.swift */ = {isa = PBXFileReference; lastKnownFileType = sourcecode.swift; path = AppDelegate.swift; sourceTree = "<group>"; };
		19EA83C22375D10B00E9E527 /* SceneDelegate.swift */ = {isa = PBXFileReference; lastKnownFileType = sourcecode.swift; path = SceneDelegate.swift; sourceTree = "<group>"; };
		19EA83C72375D10B00E9E527 /* Base */ = {isa = PBXFileReference; lastKnownFileType = file.storyboard; name = Base; path = Base.lproj/Main.storyboard; sourceTree = "<group>"; };
		19EA83C92375D10D00E9E527 /* Assets.xcassets */ = {isa = PBXFileReference; lastKnownFileType = folder.assetcatalog; path = Assets.xcassets; sourceTree = "<group>"; };
		19EA83CC2375D10D00E9E527 /* Base */ = {isa = PBXFileReference; lastKnownFileType = file.storyboard; name = Base; path = Base.lproj/LaunchScreen.storyboard; sourceTree = "<group>"; };
		19EA83CE2375D10D00E9E527 /* Info.plist */ = {isa = PBXFileReference; lastKnownFileType = text.plist.xml; path = Info.plist; sourceTree = "<group>"; };
		19EA83D42375D18B00E9E527 /* TableViewController.swift */ = {isa = PBXFileReference; lastKnownFileType = sourcecode.swift; path = TableViewController.swift; sourceTree = "<group>"; };
		19EA83D62375D1B600E9E527 /* ViewController.swift */ = {isa = PBXFileReference; lastKnownFileType = sourcecode.swift; path = ViewController.swift; sourceTree = "<group>"; };
/* End PBXFileReference section */

/* Begin PBXFrameworksBuildPhase section */
		19EA83BA2375D10B00E9E527 /* Frameworks */ = {
			isa = PBXFrameworksBuildPhase;
			buildActionMask = 2147483647;
			files = (
			);
			runOnlyForDeploymentPostprocessing = 0;
		};
/* End PBXFrameworksBuildPhase section */

/* Begin PBXGroup section */
		19EA83B42375D10B00E9E527 = {
			isa = PBXGroup;
			children = (
				19EA83BF2375D10B00E9E527 /* boats.x */,
				19EA83BE2375D10B00E9E527 /* Products */,
			);
			sourceTree = "<group>";
		};
		19EA83BE2375D10B00E9E527 /* Products */ = {
			isa = PBXGroup;
			children = (
				19EA83BD2375D10B00E9E527 /* boats.x.app */,
			);
			name = Products;
			sourceTree = "<group>";
		};
		19EA83BF2375D10B00E9E527 /* boats.x */ = {
			isa = PBXGroup;
			children = (
				19EA83C02375D10B00E9E527 /* AppDelegate.swift */,
				19EA83C22375D10B00E9E527 /* SceneDelegate.swift */,
				19EA83C62375D10B00E9E527 /* Main.storyboard */,
				19EA83D42375D18B00E9E527 /* TableViewController.swift */,
				19EA83D62375D1B600E9E527 /* ViewController.swift */,
				19EA83C92375D10D00E9E527 /* Assets.xcassets */,
				19EA83CB2375D10D00E9E527 /* LaunchScreen.storyboard */,
				19EA83CE2375D10D00E9E527 /* Info.plist */,
			);
			path = boats.x;
			sourceTree = "<group>";
		};
/* End PBXGroup section */

/* Begin PBXNativeTarget section */
		19EA83BC2375D10B00E9E527 /* boats.x */ = {
			isa = PBXNativeTarget;
			buildConfigurationList = 19EA83D12375D10D00E9E527 /* Build configuration list for PBXNativeTarget "boats.x" */;
			buildPhases = (
				19EA83B92375D10B00E9E527 /* Sources */,
				19EA83BA2375D10B00E9E527 /* Frameworks */,
				19EA83BB2375D10B00E9E527 /* Resources */,
			);
			buildRules = (
			);
			dependencies = (
			);
			name = boats.x;
			productName = boats.x;
			productReference = 19EA83BD2375D10B00E9E527 /* boats.x.app */;
			productType = "com.apple.product-type.application";
		};
/* End PBXNativeTarget section */

/* Begin PBXProject section */
		19EA83B52375D10B00E9E527 /* Project object */ = {
			isa = PBXProject;
			attributes = {
				LastSwiftUpdateCheck = 1120;
				LastUpgradeCheck = 1120;
				ORGANIZATIONNAME = "Ezra Barber";
				TargetAttributes = {
					19EA83BC2375D10B00E9E527 = {
						CreatedOnToolsVersion = 11.2;
					};
				};
			};
			buildConfigurationList = 19EA83B82375D10B00E9E527 /* Build configuration list for PBXProject "boats.x" */;
			compatibilityVersion = "Xcode 9.3";
			developmentRegion = en;
			hasScannedForEncodings = 0;
			knownRegions = (
				en,
				Base,
			);
			mainGroup = 19EA83B42375D10B00E9E527;
			productRefGroup = 19EA83BE2375D10B00E9E527 /* Products */;
			projectDirPath = "";
			projectRoot = "";
			targets = (
				19EA83BC2375D10B00E9E527 /* boats.x */,
			);
		};
/* End PBXProject section */

/* Begin PBXResourcesBuildPhase section */
		19EA83BB2375D10B00E9E527 /* Resources */ = {
			isa = PBXResourcesBuildPhase;
			buildActionMask = 2147483647;
			files = (
				19EA83CD2375D10D00E9E527 /* LaunchScreen.storyboard in Resources */,
				19EA83CA2375D10D00E9E527 /* Assets.xcassets in Resources */,
				19EA83C82375D10B00E9E527 /* Main.storyboard in Resources */,
			);
			runOnlyForDeploymentPostprocessing = 0;
		};
/* End PBXResourcesBuildPhase section */

/* Begin PBXSourcesBuildPhase section */
		19EA83B92375D10B00E9E527 /* Sources */ = {
			isa = PBXSourcesBuildPhase;
			buildActionMask = 2147483647;
			files = (
				19EA83C12375D10B00E9E527 /* AppDelegate.swift in Sources */,
				19EA83C32375D10B00E9E527 /* SceneDelegate.swift in Sources */,
				19EA83D72375D1B600E9E527 /* ViewController.swift in Sources */,
				19EA83D52375D18B00E9E527 /* TableViewController.swift in Sources */,
			);
			runOnlyForDeploymentPostprocessing = 0;
		};
/* End PBXSourcesBuildPhase section */

/* Begin PBXVariantGroup section */
		19EA83C62375D10B00E9E527 /* Main.storyboard */ = {
			isa = PBXVariantGroup;
			children = (
				19EA83C72375D10B00E9E527 /* Base */,
			);
			name = Main.storyboard;
			sourceTree = "<group>";
		};
		19EA83CB2375D10D00E9E527 /* LaunchScreen.storyboard */ = {
			isa = PBXVariantGroup;
			children = (
				19EA83CC2375D10D00E9E527 /* Base */,
			);
			name = LaunchScreen.storyboard;
			sourceTree = "<group>";
		};
/* End PBXVariantGroup section */

/* Begin XCBuildConfiguration section */
		19EA83CF2375D10D00E9E527 /* Debug */ = {
			isa = XCBuildConfiguration;
			buildSettings = {
				ALWAYS_SEARCH_USER_PATHS = NO;
				CLANG_ANALYZER_NONNULL = YES;
				CLANG_ANALYZER_NUMBER_OBJECT_CONVERSION = YES_AGGRESSIVE;
				CLANG_CXX_LANGUAGE_STANDARD = "gnu++14";
				CLANG_CXX_LIBRARY = "libc++";
				CLANG_ENABLE_MODULES = YES;
				CLANG_ENABLE_OBJC_ARC = YES;
				CLANG_ENABLE_OBJC_WEAK = YES;
				CLANG_WARN_BLOCK_CAPTURE_AUTORELEASING = YES;
				CLANG_WARN_BOOL_CONVERSION = YES;
				CLANG_WARN_COMMA = YES;
				CLANG_WARN_CONSTANT_CONVERSION = YES;
				CLANG_WARN_DEPRECATED_OBJC_IMPLEMENTATIONS = YES;
				CLANG_WARN_DIRECT_OBJC_ISA_USAGE = YES_ERROR;
				CLANG_WARN_DOCUMENTATION_COMMENTS = YES;
				CLANG_WARN_EMPTY_BODY = YES;
				CLANG_WARN_ENUM_CONVERSION = YES;
				CLANG_WARN_INFINITE_RECURSION = YES;
				CLANG_WARN_INT_CONVERSION = YES;
				CLANG_WARN_NON_LITERAL_NULL_CONVERSION = YES;
				CLANG_WARN_OBJC_IMPLICIT_RETAIN_SELF = YES;
				CLANG_WARN_OBJC_LITERAL_CONVERSION = YES;
				CLANG_WARN_OBJC_ROOT_CLASS = YES_ERROR;
				CLANG_WARN_RANGE_LOOP_ANALYSIS = YES;
				CLANG_WARN_STRICT_PROTOTYPES = YES;
				CLANG_WARN_SUSPICIOUS_MOVE = YES;
				CLANG_WARN_UNGUARDED_AVAILABILITY = YES_AGGRESSIVE;
				CLANG_WARN_UNREACHABLE_CODE = YES;
				CLANG_WARN__DUPLICATE_METHOD_MATCH = YES;
				COPY_PHASE_STRIP = NO;
				DEBUG_INFORMATION_FORMAT = dwarf;
				ENABLE_STRICT_OBJC_MSGSEND = YES;
				ENABLE_TESTABILITY = YES;
				GCC_C_LANGUAGE_STANDARD = gnu11;
				GCC_DYNAMIC_NO_PIC = NO;
				GCC_NO_COMMON_BLOCKS = YES;
				GCC_OPTIMIZATION_LEVEL = 0;
				GCC_PREPROCESSOR_DEFINITIONS = (
					"DEBUG=1",
					"$(inherited)",
				);
				GCC_WARN_64_TO_32_BIT_CONVERSION = YES;
				GCC_WARN_ABOUT_RETURN_TYPE = YES_ERROR;
				GCC_WARN_UNDECLARED_SELECTOR = YES;
				GCC_WARN_UNINITIALIZED_AUTOS = YES_AGGRESSIVE;
				GCC_WARN_UNUSED_FUNCTION = YES;
				GCC_WARN_UNUSED_VARIABLE = YES;
				IPHONEOS_DEPLOYMENT_TARGET = 13.2;
				MTL_ENABLE_DEBUG_INFO = INCLUDE_SOURCE;
				MTL_FAST_MATH = YES;
				ONLY_ACTIVE_ARCH = YES;
				SDKROOT = iphoneos;
				SWIFT_ACTIVE_COMPILATION_CONDITIONS = DEBUG;
				SWIFT_OPTIMIZATION_LEVEL = "-Onone";
			};
			name = Debug;
		};
		19EA83D02375D10D00E9E527 /* Release */ = {
			isa = XCBuildConfiguration;
			buildSettings = {
				ALWAYS_SEARCH_USER_PATHS = NO;
				CLANG_ANALYZER_NONNULL = YES;
				CLANG_ANALYZER_NUMBER_OBJECT_CONVERSION = YES_AGGRESSIVE;
				CLANG_CXX_LANGUAGE_STANDARD = "gnu++14";
				CLANG_CXX_LIBRARY = "libc++";
				CLANG_ENABLE_MODULES = YES;
				CLANG_ENABLE_OBJC_ARC = YES;
				CLANG_ENABLE_OBJC_WEAK = YES;
				CLANG_WARN_BLOCK_CAPTURE_AUTORELEASING = YES;
				CLANG_WARN_BOOL_CONVERSION = YES;
				CLANG_WARN_COMMA = YES;
				CLANG_WARN_CONSTANT_CONVERSION = YES;
				CLANG_WARN_DEPRECATED_OBJC_IMPLEMENTATIONS = YES;
				CLANG_WARN_DIRECT_OBJC_ISA_USAGE = YES_ERROR;
				CLANG_WARN_DOCUMENTATION_COMMENTS = YES;
				CLANG_WARN_EMPTY_BODY = YES;
				CLANG_WARN_ENUM_CONVERSION = YES;
				CLANG_WARN_INFINITE_RECURSION = YES;
				CLANG_WARN_INT_CONVERSION = YES;
				CLANG_WARN_NON_LITERAL_NULL_CONVERSION = YES;
				CLANG_WARN_OBJC_IMPLICIT_RETAIN_SELF = YES;
				CLANG_WARN_OBJC_LITERAL_CONVERSION = YES;
				CLANG_WARN_OBJC_ROOT_CLASS = YES_ERROR;
				CLANG_WARN_RANGE_LOOP_ANALYSIS = YES;
				CLANG_WARN_STRICT_PROTOTYPES = YES;
				CLANG_WARN_SUSPICIOUS_MOVE = YES;
				CLANG_WARN_UNGUARDED_AVAILABILITY = YES_AGGRESSIVE;
				CLANG_WARN_UNREACHABLE_CODE = YES;
				CLANG_WARN__DUPLICATE_METHOD_MATCH = YES;
				COPY_PHASE_STRIP = NO;
				DEBUG_INFORMATION_FORMAT = "dwarf-with-dsym";
				ENABLE_NS_ASSERTIONS = NO;
				ENABLE_STRICT_OBJC_MSGSEND = YES;
				GCC_C_LANGUAGE_STANDARD = gnu11;
				GCC_NO_COMMON_BLOCKS = YES;
				GCC_WARN_64_TO_32_BIT_CONVERSION = YES;
				GCC_WARN_ABOUT_RETURN_TYPE = YES_ERROR;
				GCC_WARN_UNDECLARED_SELECTOR = YES;
				GCC_WARN_UNINITIALIZED_AUTOS = YES_AGGRESSIVE;
				GCC_WARN_UNUSED_FUNCTION = YES;
				GCC_WARN_UNUSED_VARIABLE = YES;
				IPHONEOS_DEPLOYMENT_TARGET = 13.2;
				MTL_ENABLE_DEBUG_INFO = NO;
				MTL_FAST_MATH = YES;
				SDKROOT = iphoneos;
				SWIFT_COMPILATION_MODE = wholemodule;
				SWIFT_OPTIMIZATION_LEVEL = "-O";
				VALIDATE_PRODUCT = YES;
			};
			name = Release;
		};
		19EA83D22375D10D00E9E527 /* Debug */ = {
			isa = XCBuildConfiguration;
			buildSettings = {
				ASSETCATALOG_COMPILER_APPICON_NAME = AppIcon;
				CODE_SIGN_STYLE = Automatic;
				DEVELOPMENT_TEAM = T2J9V7LV8B;
				INFOPLIST_FILE = boats.x/Info.plist;
				LD_RUNPATH_SEARCH_PATHS = (
					"$(inherited)",
					"@executable_path/Frameworks",
				);
				PRODUCT_BUNDLE_IDENTIFIER = "com.helloThere.boats-x";
				PRODUCT_NAME = "$(TARGET_NAME)";
				SWIFT_VERSION = 5.0;
				TARGETED_DEVICE_FAMILY = "1,2";
			};
			name = Debug;
		};
		19EA83D32375D10D00E9E527 /* Release */ = {
			isa = XCBuildConfiguration;
			buildSettings = {
				ASSETCATALOG_COMPILER_APPICON_NAME = AppIcon;
				CODE_SIGN_STYLE = Automatic;
				DEVELOPMENT_TEAM = T2J9V7LV8B;
				INFOPLIST_FILE = boats.x/Info.plist;
				LD_RUNPATH_SEARCH_PATHS = (
					"$(inherited)",
					"@executable_path/Frameworks",
				);
				PRODUCT_BUNDLE_IDENTIFIER = "com.helloThere.boats-x";
				PRODUCT_NAME = "$(TARGET_NAME)";
				SWIFT_VERSION = 5.0;
				TARGETED_DEVICE_FAMILY = "1,2";
			};
			name = Release;
		};
/* End XCBuildConfiguration section */

/* Begin XCConfigurationList section */
		19EA83B82375D10B00E9E527 /* Build configuration list for PBXProject "boats.x" */ = {
			isa = XCConfigurationList;
			buildConfigurations = (
				19EA83CF2375D10D00E9E527 /* Debug */,
				19EA83D02375D10D00E9E527 /* Release */,
			);
			defaultConfigurationIsVisible = 0;
			defaultConfigurationName = Release;
		};
		19EA83D12375D10D00E9E527 /* Build configuration list for PBXNativeTarget "boats.x" */ = {
			isa = XCConfigurationList;
			buildConfigurations = (
				19EA83D22375D10D00E9E527 /* Debug */,
				19EA83D32375D10D00E9E527 /* Release */,
			);
			defaultConfigurationIsVisible = 0;
			defaultConfigurationName = Release;
		};
/* End XCConfigurationList section */
	};
	rootObject = 19EA83B52375D10B00E9E527 /* Project object */;
}
